// !$*UTF8*$!
{
	archiveVersion = 1;
	classes = {
	};
	objectVersion = 46;
	objects = {

/* Begin PBXBuildFile section */
		DE3161BE146253F50090FA3A /* QuartzCore.framework in Frameworks */ = {isa = PBXBuildFile; fileRef = DE3161BD146253F50090FA3A /* QuartzCore.framework */; };
		DE3161C0146253F50090FA3A /* OpenGLES.framework in Frameworks */ = {isa = PBXBuildFile; fileRef = DE3161BF146253F50090FA3A /* OpenGLES.framework */; };
		DE3161C2146253F50090FA3A /* OpenAL.framework in Frameworks */ = {isa = PBXBuildFile; fileRef = DE3161C1146253F50090FA3A /* OpenAL.framework */; };
		DE3161C4146253F50090FA3A /* AudioToolbox.framework in Frameworks */ = {isa = PBXBuildFile; fileRef = DE3161C3146253F50090FA3A /* AudioToolbox.framework */; };
		DE3161C6146253F50090FA3A /* AVFoundation.framework in Frameworks */ = {isa = PBXBuildFile; fileRef = DE3161C5146253F50090FA3A /* AVFoundation.framework */; };
		DE3161C8146253F50090FA3A /* UIKit.framework in Frameworks */ = {isa = PBXBuildFile; fileRef = DE3161C7146253F50090FA3A /* UIKit.framework */; };
		DE3161CA146253F50090FA3A /* Foundation.framework in Frameworks */ = {isa = PBXBuildFile; fileRef = DE3161C9146253F50090FA3A /* Foundation.framework */; };
		DE3161CC146253F50090FA3A /* CoreGraphics.framework in Frameworks */ = {isa = PBXBuildFile; fileRef = DE3161CB146253F50090FA3A /* CoreGraphics.framework */; };
		DE3161D0146253F50090FA3A /* Default.png in Resources */ = {isa = PBXBuildFile; fileRef = DE3161CF146253F50090FA3A /* Default.png */; };
		DE3161D2146253F50090FA3A /* fps_images.png in Resources */ = {isa = PBXBuildFile; fileRef = DE3161D1146253F50090FA3A /* fps_images.png */; };
		DE3161D4146253F50090FA3A /* Icon-72.png in Resources */ = {isa = PBXBuildFile; fileRef = DE3161D3146253F50090FA3A /* Icon-72.png */; };
		DE3161D6146253F50090FA3A /* Icon-Small-50.png in Resources */ = {isa = PBXBuildFile; fileRef = DE3161D5146253F50090FA3A /* Icon-Small-50.png */; };
		DE3161D8146253F50090FA3A /* Icon-Small.png in Resources */ = {isa = PBXBuildFile; fileRef = DE3161D7146253F50090FA3A /* Icon-Small.png */; };
		DE3161DA146253F50090FA3A /* Icon-Small@2x.png in Resources */ = {isa = PBXBuildFile; fileRef = DE3161D9146253F50090FA3A /* Icon-Small@2x.png */; };
		DE3161DC146253F50090FA3A /* Icon.png in Resources */ = {isa = PBXBuildFile; fileRef = DE3161DB146253F50090FA3A /* Icon.png */; };
		DE3161DE146253F50090FA3A /* Icon@2x.png in Resources */ = {isa = PBXBuildFile; fileRef = DE3161DD146253F50090FA3A /* Icon@2x.png */; };
		DE3161E1146253F50090FA3A /* iTunesArtwork in Resources */ = {isa = PBXBuildFile; fileRef = DE3161E0146253F50090FA3A /* iTunesArtwork */; };
		DE3161E6146253F50090FA3A /* CCAction.m in Sources */ = {isa = PBXBuildFile; fileRef = DE3161E5146253F50090FA3A /* CCAction.m */; };
		DE3161E9146253F50090FA3A /* CCActionCamera.m in Sources */ = {isa = PBXBuildFile; fileRef = DE3161E8146253F50090FA3A /* CCActionCamera.m */; };
		DE3161EC146253F50090FA3A /* CCActionEase.m in Sources */ = {isa = PBXBuildFile; fileRef = DE3161EB146253F50090FA3A /* CCActionEase.m */; };
		DE3161EF146253F50090FA3A /* CCActionGrid.m in Sources */ = {isa = PBXBuildFile; fileRef = DE3161EE146253F50090FA3A /* CCActionGrid.m */; };
		DE3161F2146253F50090FA3A /* CCActionGrid3D.m in Sources */ = {isa = PBXBuildFile; fileRef = DE3161F1146253F50090FA3A /* CCActionGrid3D.m */; };
		DE3161F5146253F50090FA3A /* CCActionInstant.m in Sources */ = {isa = PBXBuildFile; fileRef = DE3161F4146253F50090FA3A /* CCActionInstant.m */; };
		DE3161F8146253F50090FA3A /* CCActionInterval.m in Sources */ = {isa = PBXBuildFile; fileRef = DE3161F7146253F50090FA3A /* CCActionInterval.m */; };
		DE3161FB146253F50090FA3A /* CCActionManager.m in Sources */ = {isa = PBXBuildFile; fileRef = DE3161FA146253F50090FA3A /* CCActionManager.m */; };
		DE3161FE146253F50090FA3A /* CCActionPageTurn3D.m in Sources */ = {isa = PBXBuildFile; fileRef = DE3161FD146253F50090FA3A /* CCActionPageTurn3D.m */; };
		DE316201146253F60090FA3A /* CCActionProgressTimer.m in Sources */ = {isa = PBXBuildFile; fileRef = DE316200146253F60090FA3A /* CCActionProgressTimer.m */; };
		DE316204146253F60090FA3A /* CCActionTiledGrid.m in Sources */ = {isa = PBXBuildFile; fileRef = DE316203146253F60090FA3A /* CCActionTiledGrid.m */; };
		DE316207146253F60090FA3A /* CCActionTween.m in Sources */ = {isa = PBXBuildFile; fileRef = DE316206146253F60090FA3A /* CCActionTween.m */; };
		DE31620A146253F60090FA3A /* CCAnimation.m in Sources */ = {isa = PBXBuildFile; fileRef = DE316209146253F60090FA3A /* CCAnimation.m */; };
		DE31620D146253F60090FA3A /* CCAnimationCache.m in Sources */ = {isa = PBXBuildFile; fileRef = DE31620C146253F60090FA3A /* CCAnimationCache.m */; };
		DE316210146253F60090FA3A /* CCAtlasNode.m in Sources */ = {isa = PBXBuildFile; fileRef = DE31620F146253F60090FA3A /* CCAtlasNode.m */; };
		DE316213146253F60090FA3A /* CCBlockSupport.m in Sources */ = {isa = PBXBuildFile; fileRef = DE316212146253F60090FA3A /* CCBlockSupport.m */; };
		DE316216146253F60090FA3A /* CCCamera.m in Sources */ = {isa = PBXBuildFile; fileRef = DE316215146253F60090FA3A /* CCCamera.m */; };
		DE31621A146253F60090FA3A /* CCConfiguration.m in Sources */ = {isa = PBXBuildFile; fileRef = DE316219146253F60090FA3A /* CCConfiguration.m */; };
		DE31621D146253F60090FA3A /* CCDirector.m in Sources */ = {isa = PBXBuildFile; fileRef = DE31621C146253F60090FA3A /* CCDirector.m */; };
		DE316220146253F60090FA3A /* CCDrawingPrimitives.m in Sources */ = {isa = PBXBuildFile; fileRef = DE31621F146253F60090FA3A /* CCDrawingPrimitives.m */; };
		DE316223146253F60090FA3A /* CCGrabber.m in Sources */ = {isa = PBXBuildFile; fileRef = DE316222146253F60090FA3A /* CCGrabber.m */; };
		DE316226146253F60090FA3A /* CCGrid.m in Sources */ = {isa = PBXBuildFile; fileRef = DE316225146253F60090FA3A /* CCGrid.m */; };
		DE316229146253F60090FA3A /* CCLabelAtlas.m in Sources */ = {isa = PBXBuildFile; fileRef = DE316228146253F60090FA3A /* CCLabelAtlas.m */; };
		DE31622C146253F60090FA3A /* CCLabelBMFont.m in Sources */ = {isa = PBXBuildFile; fileRef = DE31622B146253F60090FA3A /* CCLabelBMFont.m */; };
		DE31622F146253F60090FA3A /* CCLabelTTF.m in Sources */ = {isa = PBXBuildFile; fileRef = DE31622E146253F60090FA3A /* CCLabelTTF.m */; };
		DE316232146253F60090FA3A /* CCLayer.m in Sources */ = {isa = PBXBuildFile; fileRef = DE316231146253F60090FA3A /* CCLayer.m */; };
		DE316236146253F60090FA3A /* CCMenu.m in Sources */ = {isa = PBXBuildFile; fileRef = DE316235146253F60090FA3A /* CCMenu.m */; };
		DE316239146253F60090FA3A /* CCMenuItem.m in Sources */ = {isa = PBXBuildFile; fileRef = DE316238146253F60090FA3A /* CCMenuItem.m */; };
		DE31623C146253F60090FA3A /* CCMotionStreak.m in Sources */ = {isa = PBXBuildFile; fileRef = DE31623B146253F60090FA3A /* CCMotionStreak.m */; };
		DE31623F146253F60090FA3A /* CCNode.m in Sources */ = {isa = PBXBuildFile; fileRef = DE31623E146253F60090FA3A /* CCNode.m */; };
		DE316242146253F60090FA3A /* CCParallaxNode.m in Sources */ = {isa = PBXBuildFile; fileRef = DE316241146253F60090FA3A /* CCParallaxNode.m */; };
		DE316245146253F60090FA3A /* CCParticleExamples.m in Sources */ = {isa = PBXBuildFile; fileRef = DE316244146253F60090FA3A /* CCParticleExamples.m */; };
		DE316248146253F60090FA3A /* CCParticleSystem.m in Sources */ = {isa = PBXBuildFile; fileRef = DE316247146253F60090FA3A /* CCParticleSystem.m */; };
		DE31624B146253F60090FA3A /* CCParticleSystemPoint.m in Sources */ = {isa = PBXBuildFile; fileRef = DE31624A146253F60090FA3A /* CCParticleSystemPoint.m */; };
		DE31624E146253F60090FA3A /* CCParticleSystemQuad.m in Sources */ = {isa = PBXBuildFile; fileRef = DE31624D146253F60090FA3A /* CCParticleSystemQuad.m */; };
		DE316251146253F60090FA3A /* CCProgressTimer.m in Sources */ = {isa = PBXBuildFile; fileRef = DE316250146253F60090FA3A /* CCProgressTimer.m */; };
		DE316255146253F60090FA3A /* CCRenderTexture.m in Sources */ = {isa = PBXBuildFile; fileRef = DE316254146253F60090FA3A /* CCRenderTexture.m */; };
		DE316258146253F60090FA3A /* CCRibbon.m in Sources */ = {isa = PBXBuildFile; fileRef = DE316257146253F60090FA3A /* CCRibbon.m */; };
		DE31625B146253F60090FA3A /* CCScene.m in Sources */ = {isa = PBXBuildFile; fileRef = DE31625A146253F60090FA3A /* CCScene.m */; };
		DE31625E146253F70090FA3A /* CCScheduler.m in Sources */ = {isa = PBXBuildFile; fileRef = DE31625D146253F70090FA3A /* CCScheduler.m */; };
		DE316261146253F70090FA3A /* CCSprite.m in Sources */ = {isa = PBXBuildFile; fileRef = DE316260146253F70090FA3A /* CCSprite.m */; };
		DE316264146253F70090FA3A /* CCSpriteBatchNode.m in Sources */ = {isa = PBXBuildFile; fileRef = DE316263146253F70090FA3A /* CCSpriteBatchNode.m */; };
		DE316267146253F70090FA3A /* CCSpriteFrame.m in Sources */ = {isa = PBXBuildFile; fileRef = DE316266146253F70090FA3A /* CCSpriteFrame.m */; };
		DE31626A146253F70090FA3A /* CCSpriteFrameCache.m in Sources */ = {isa = PBXBuildFile; fileRef = DE316269146253F70090FA3A /* CCSpriteFrameCache.m */; };
		DE31626D146253F70090FA3A /* CCTexture2D.m in Sources */ = {isa = PBXBuildFile; fileRef = DE31626C146253F70090FA3A /* CCTexture2D.m */; };
		DE316270146253F70090FA3A /* CCTextureAtlas.m in Sources */ = {isa = PBXBuildFile; fileRef = DE31626F146253F70090FA3A /* CCTextureAtlas.m */; };
		DE316273146253F70090FA3A /* CCTextureCache.m in Sources */ = {isa = PBXBuildFile; fileRef = DE316272146253F70090FA3A /* CCTextureCache.m */; };
		DE316276146253F70090FA3A /* CCTexturePVR.m in Sources */ = {isa = PBXBuildFile; fileRef = DE316275146253F70090FA3A /* CCTexturePVR.m */; };
		DE316279146253F70090FA3A /* CCTileMapAtlas.m in Sources */ = {isa = PBXBuildFile; fileRef = DE316278146253F70090FA3A /* CCTileMapAtlas.m */; };
		DE31627C146253F70090FA3A /* CCTMXLayer.m in Sources */ = {isa = PBXBuildFile; fileRef = DE31627B146253F70090FA3A /* CCTMXLayer.m */; };
		DE31627F146253F70090FA3A /* CCTMXObjectGroup.m in Sources */ = {isa = PBXBuildFile; fileRef = DE31627E146253F70090FA3A /* CCTMXObjectGroup.m */; };
		DE316282146253F70090FA3A /* CCTMXTiledMap.m in Sources */ = {isa = PBXBuildFile; fileRef = DE316281146253F70090FA3A /* CCTMXTiledMap.m */; };
		DE316285146253F70090FA3A /* CCTMXXMLParser.m in Sources */ = {isa = PBXBuildFile; fileRef = DE316284146253F70090FA3A /* CCTMXXMLParser.m */; };
		DE316288146253F70090FA3A /* CCTransition.m in Sources */ = {isa = PBXBuildFile; fileRef = DE316287146253F70090FA3A /* CCTransition.m */; };
		DE31628B146253F70090FA3A /* CCTransitionPageTurn.m in Sources */ = {isa = PBXBuildFile; fileRef = DE31628A146253F70090FA3A /* CCTransitionPageTurn.m */; };
		DE31628E146253F70090FA3A /* CCTransitionRadial.m in Sources */ = {isa = PBXBuildFile; fileRef = DE31628D146253F70090FA3A /* CCTransitionRadial.m */; };
		DE316292146253F70090FA3A /* cocos2d.m in Sources */ = {isa = PBXBuildFile; fileRef = DE316291146253F70090FA3A /* cocos2d.m */; };
		DE316299146253F70090FA3A /* CCDirectorIOS.m in Sources */ = {isa = PBXBuildFile; fileRef = DE316298146253F70090FA3A /* CCDirectorIOS.m */; };
		DE31629D146253F70090FA3A /* CCTouchDispatcher.m in Sources */ = {isa = PBXBuildFile; fileRef = DE31629C146253F70090FA3A /* CCTouchDispatcher.m */; };
		DE3162A0146253F70090FA3A /* CCTouchHandler.m in Sources */ = {isa = PBXBuildFile; fileRef = DE31629F146253F70090FA3A /* CCTouchHandler.m */; };
		DE3162A3146253F70090FA3A /* EAGLView.m in Sources */ = {isa = PBXBuildFile; fileRef = DE3162A2146253F70090FA3A /* EAGLView.m */; };
		DE3162A6146253F70090FA3A /* ES1Renderer.m in Sources */ = {isa = PBXBuildFile; fileRef = DE3162A5146253F70090FA3A /* ES1Renderer.m */; };
		DE3162A9146253F70090FA3A /* glu.c in Sources */ = {isa = PBXBuildFile; fileRef = DE3162A8146253F70090FA3A /* glu.c */; };
		DE3162AE146253F70090FA3A /* CCDirectorMac.m in Sources */ = {isa = PBXBuildFile; fileRef = DE3162AD146253F70090FA3A /* CCDirectorMac.m */; };
		DE3162B1146253F70090FA3A /* CCEventDispatcher.m in Sources */ = {isa = PBXBuildFile; fileRef = DE3162B0146253F70090FA3A /* CCEventDispatcher.m */; };
		DE3162B4146253F70090FA3A /* MacGLView.m in Sources */ = {isa = PBXBuildFile; fileRef = DE3162B3146253F70090FA3A /* MacGLView.m */; };
		DE3162B7146253F70090FA3A /* MacWindow.m in Sources */ = {isa = PBXBuildFile; fileRef = DE3162B6146253F70090FA3A /* MacWindow.m */; };
		DE3162BA146253F70090FA3A /* base64.c in Sources */ = {isa = PBXBuildFile; fileRef = DE3162B9146253F70090FA3A /* base64.c */; };
		DE3162BE146253F70090FA3A /* CCArray.m in Sources */ = {isa = PBXBuildFile; fileRef = DE3162BD146253F70090FA3A /* CCArray.m */; };
		DE3162C2146253F70090FA3A /* CCFileUtils.m in Sources */ = {isa = PBXBuildFile; fileRef = DE3162C1146253F70090FA3A /* CCFileUtils.m */; };
		DE3162C5146253F70090FA3A /* CCProfiling.m in Sources */ = {isa = PBXBuildFile; fileRef = DE3162C4146253F70090FA3A /* CCProfiling.m */; };
		DE3162C7146253F70090FA3A /* ccUtils.c in Sources */ = {isa = PBXBuildFile; fileRef = DE3162C6146253F70090FA3A /* ccUtils.c */; };
		DE3162CB146253F70090FA3A /* CGPointExtension.m in Sources */ = {isa = PBXBuildFile; fileRef = DE3162CA146253F70090FA3A /* CGPointExtension.m */; };
		DE3162CF146253F80090FA3A /* TGAlib.m in Sources */ = {isa = PBXBuildFile; fileRef = DE3162CE146253F80090FA3A /* TGAlib.m */; };
		DE3162D2146253F80090FA3A /* TransformUtils.m in Sources */ = {isa = PBXBuildFile; fileRef = DE3162D1146253F80090FA3A /* TransformUtils.m */; };
		DE3162D7146253F80090FA3A /* ZipUtils.m in Sources */ = {isa = PBXBuildFile; fileRef = DE3162D6146253F80090FA3A /* ZipUtils.m */; };
		DE3162DC146253F80090FA3A /* CDAudioManager.m in Sources */ = {isa = PBXBuildFile; fileRef = DE3162DB146253F80090FA3A /* CDAudioManager.m */; };
		DE3162E0146253F80090FA3A /* CDOpenALSupport.m in Sources */ = {isa = PBXBuildFile; fileRef = DE3162DF146253F80090FA3A /* CDOpenALSupport.m */; };
		DE3162E3146253F80090FA3A /* CocosDenshion.m in Sources */ = {isa = PBXBuildFile; fileRef = DE3162E2146253F80090FA3A /* CocosDenshion.m */; };
		DE3162E6146253F80090FA3A /* SimpleAudioEngine.m in Sources */ = {isa = PBXBuildFile; fileRef = DE3162E5146253F80090FA3A /* SimpleAudioEngine.m */; };
		DE3162EB146253F80090FA3A /* CLScoreServerPost.m in Sources */ = {isa = PBXBuildFile; fileRef = DE3162EA146253F80090FA3A /* CLScoreServerPost.m */; };
		DE3162EE146253F80090FA3A /* CLScoreServerRequest.m in Sources */ = {isa = PBXBuildFile; fileRef = DE3162ED146253F80090FA3A /* CLScoreServerRequest.m */; };
		DE3162F1146253F80090FA3A /* cocoslive.m in Sources */ = {isa = PBXBuildFile; fileRef = DE3162F0146253F80090FA3A /* cocoslive.m */; };
		DE3162F6146253F80090FA3A /* CDataScanner.m in Sources */ = {isa = PBXBuildFile; fileRef = DE3162F5146253F80090FA3A /* CDataScanner.m */; };
		DE3162FA146253F80090FA3A /* CDataScanner_Extensions.m in Sources */ = {isa = PBXBuildFile; fileRef = DE3162F9146253F80090FA3A /* CDataScanner_Extensions.m */; };
		DE3162FD146253F80090FA3A /* NSDictionary_JSONExtensions.m in Sources */ = {isa = PBXBuildFile; fileRef = DE3162FC146253F80090FA3A /* NSDictionary_JSONExtensions.m */; };
		DE316301146253F80090FA3A /* CJSONDeserializer.m in Sources */ = {isa = PBXBuildFile; fileRef = DE316300146253F80090FA3A /* CJSONDeserializer.m */; };
		DE316304146253F80090FA3A /* CJSONScanner.m in Sources */ = {isa = PBXBuildFile; fileRef = DE316303146253F80090FA3A /* CJSONScanner.m */; };
		DE316307146253F80090FA3A /* CJSONSerializer.m in Sources */ = {isa = PBXBuildFile; fileRef = DE316306146253F80090FA3A /* CJSONSerializer.m */; };
		DE31630C146253F80090FA3A /* FontLabel.m in Sources */ = {isa = PBXBuildFile; fileRef = DE31630B146253F80090FA3A /* FontLabel.m */; };
		DE31630F146253F80090FA3A /* FontLabelStringDrawing.m in Sources */ = {isa = PBXBuildFile; fileRef = DE31630E146253F80090FA3A /* FontLabelStringDrawing.m */; };
		DE316312146253F80090FA3A /* FontManager.m in Sources */ = {isa = PBXBuildFile; fileRef = DE316311146253F80090FA3A /* FontManager.m */; };
		DE316315146253F80090FA3A /* ZAttributedString.m in Sources */ = {isa = PBXBuildFile; fileRef = DE316314146253F80090FA3A /* ZAttributedString.m */; };
		DE316319146253F80090FA3A /* ZFont.m in Sources */ = {isa = PBXBuildFile; fileRef = DE316318146253F80090FA3A /* ZFont.m */; };
		DE31631E146253F80090FA3A /* main.m in Sources */ = {isa = PBXBuildFile; fileRef = DE31631D146253F80090FA3A /* main.m */; };
		DE316321146253F80090FA3A /* AppDelegate.m in Sources */ = {isa = PBXBuildFile; fileRef = DE316320146253F80090FA3A /* AppDelegate.m */; };
		DE316324146253F80090FA3A /* RootViewController.m in Sources */ = {isa = PBXBuildFile; fileRef = DE316323146253F80090FA3A /* RootViewController.m */; };
		DE316327146253F80090FA3A /* HelloWorldLayer.m in Sources */ = {isa = PBXBuildFile; fileRef = DE316326146253F80090FA3A /* HelloWorldLayer.m */; };
/* End PBXBuildFile section */

/* Begin PBXFileReference section */
		DE3161B9146253F50090FA3A /* HampsterDance.app */ = {isa = PBXFileReference; explicitFileType = wrapper.application; includeInIndex = 0; path = HampsterDance.app; sourceTree = BUILT_PRODUCTS_DIR; };
		DE3161BD146253F50090FA3A /* QuartzCore.framework */ = {isa = PBXFileReference; lastKnownFileType = wrapper.framework; name = QuartzCore.framework; path = System/Library/Frameworks/QuartzCore.framework; sourceTree = SDKROOT; };
		DE3161BF146253F50090FA3A /* OpenGLES.framework */ = {isa = PBXFileReference; lastKnownFileType = wrapper.framework; name = OpenGLES.framework; path = System/Library/Frameworks/OpenGLES.framework; sourceTree = SDKROOT; };
		DE3161C1146253F50090FA3A /* OpenAL.framework */ = {isa = PBXFileReference; lastKnownFileType = wrapper.framework; name = OpenAL.framework; path = System/Library/Frameworks/OpenAL.framework; sourceTree = SDKROOT; };
		DE3161C3146253F50090FA3A /* AudioToolbox.framework */ = {isa = PBXFileReference; lastKnownFileType = wrapper.framework; name = AudioToolbox.framework; path = System/Library/Frameworks/AudioToolbox.framework; sourceTree = SDKROOT; };
		DE3161C5146253F50090FA3A /* AVFoundation.framework */ = {isa = PBXFileReference; lastKnownFileType = wrapper.framework; name = AVFoundation.framework; path = System/Library/Frameworks/AVFoundation.framework; sourceTree = SDKROOT; };
		DE3161C7146253F50090FA3A /* UIKit.framework */ = {isa = PBXFileReference; lastKnownFileType = wrapper.framework; name = UIKit.framework; path = System/Library/Frameworks/UIKit.framework; sourceTree = SDKROOT; };
		DE3161C9146253F50090FA3A /* Foundation.framework */ = {isa = PBXFileReference; lastKnownFileType = wrapper.framework; name = Foundation.framework; path = System/Library/Frameworks/Foundation.framework; sourceTree = SDKROOT; };
		DE3161CB146253F50090FA3A /* CoreGraphics.framework */ = {isa = PBXFileReference; lastKnownFileType = wrapper.framework; name = CoreGraphics.framework; path = System/Library/Frameworks/CoreGraphics.framework; sourceTree = SDKROOT; };
		DE3161CF146253F50090FA3A /* Default.png */ = {isa = PBXFileReference; lastKnownFileType = image.png; name = Default.png; path = Resources/Default.png; sourceTree = "<group>"; };
		DE3161D1146253F50090FA3A /* fps_images.png */ = {isa = PBXFileReference; lastKnownFileType = image.png; name = fps_images.png; path = Resources/fps_images.png; sourceTree = "<group>"; };
		DE3161D3146253F50090FA3A /* Icon-72.png */ = {isa = PBXFileReference; lastKnownFileType = image.png; name = "Icon-72.png"; path = "Resources/Icon-72.png"; sourceTree = "<group>"; };
		DE3161D5146253F50090FA3A /* Icon-Small-50.png */ = {isa = PBXFileReference; lastKnownFileType = image.png; name = "Icon-Small-50.png"; path = "Resources/Icon-Small-50.png"; sourceTree = "<group>"; };
		DE3161D7146253F50090FA3A /* Icon-Small.png */ = {isa = PBXFileReference; lastKnownFileType = image.png; name = "Icon-Small.png"; path = "Resources/Icon-Small.png"; sourceTree = "<group>"; };
		DE3161D9146253F50090FA3A /* Icon-Small@2x.png */ = {isa = PBXFileReference; lastKnownFileType = image.png; name = "Icon-Small@2x.png"; path = "Resources/Icon-Small@2x.png"; sourceTree = "<group>"; };
		DE3161DB146253F50090FA3A /* Icon.png */ = {isa = PBXFileReference; lastKnownFileType = image.png; name = Icon.png; path = Resources/Icon.png; sourceTree = "<group>"; };
		DE3161DD146253F50090FA3A /* Icon@2x.png */ = {isa = PBXFileReference; lastKnownFileType = image.png; name = "Icon@2x.png"; path = "Resources/Icon@2x.png"; sourceTree = "<group>"; };
		DE3161DF146253F50090FA3A /* Info.plist */ = {isa = PBXFileReference; name = Info.plist; path = Resources/Info.plist; sourceTree = "<group>"; };
		DE3161E0146253F50090FA3A /* iTunesArtwork */ = {isa = PBXFileReference; lastKnownFileType = file; name = iTunesArtwork; path = Resources/iTunesArtwork; sourceTree = "<group>"; };
		DE3161E4146253F50090FA3A /* CCAction.h */ = {isa = PBXFileReference; name = CCAction.h; path = libs/cocos2d/CCAction.h; sourceTree = "<group>"; };
		DE3161E5146253F50090FA3A /* CCAction.m */ = {isa = PBXFileReference; lastKnownFileType = sourcecode.c.objc; name = CCAction.m; path = libs/cocos2d/CCAction.m; sourceTree = "<group>"; };
		DE3161E7146253F50090FA3A /* CCActionCamera.h */ = {isa = PBXFileReference; name = CCActionCamera.h; path = libs/cocos2d/CCActionCamera.h; sourceTree = "<group>"; };
		DE3161E8146253F50090FA3A /* CCActionCamera.m */ = {isa = PBXFileReference; lastKnownFileType = sourcecode.c.objc; name = CCActionCamera.m; path = libs/cocos2d/CCActionCamera.m; sourceTree = "<group>"; };
		DE3161EA146253F50090FA3A /* CCActionEase.h */ = {isa = PBXFileReference; name = CCActionEase.h; path = libs/cocos2d/CCActionEase.h; sourceTree = "<group>"; };
		DE3161EB146253F50090FA3A /* CCActionEase.m */ = {isa = PBXFileReference; lastKnownFileType = sourcecode.c.objc; name = CCActionEase.m; path = libs/cocos2d/CCActionEase.m; sourceTree = "<group>"; };
		DE3161ED146253F50090FA3A /* CCActionGrid.h */ = {isa = PBXFileReference; name = CCActionGrid.h; path = libs/cocos2d/CCActionGrid.h; sourceTree = "<group>"; };
		DE3161EE146253F50090FA3A /* CCActionGrid.m */ = {isa = PBXFileReference; lastKnownFileType = sourcecode.c.objc; name = CCActionGrid.m; path = libs/cocos2d/CCActionGrid.m; sourceTree = "<group>"; };
		DE3161F0146253F50090FA3A /* CCActionGrid3D.h */ = {isa = PBXFileReference; name = CCActionGrid3D.h; path = libs/cocos2d/CCActionGrid3D.h; sourceTree = "<group>"; };
		DE3161F1146253F50090FA3A /* CCActionGrid3D.m */ = {isa = PBXFileReference; lastKnownFileType = sourcecode.c.objc; name = CCActionGrid3D.m; path = libs/cocos2d/CCActionGrid3D.m; sourceTree = "<group>"; };
		DE3161F3146253F50090FA3A /* CCActionInstant.h */ = {isa = PBXFileReference; name = CCActionInstant.h; path = libs/cocos2d/CCActionInstant.h; sourceTree = "<group>"; };
		DE3161F4146253F50090FA3A /* CCActionInstant.m */ = {isa = PBXFileReference; lastKnownFileType = sourcecode.c.objc; name = CCActionInstant.m; path = libs/cocos2d/CCActionInstant.m; sourceTree = "<group>"; };
		DE3161F6146253F50090FA3A /* CCActionInterval.h */ = {isa = PBXFileReference; name = CCActionInterval.h; path = libs/cocos2d/CCActionInterval.h; sourceTree = "<group>"; };
		DE3161F7146253F50090FA3A /* CCActionInterval.m */ = {isa = PBXFileReference; lastKnownFileType = sourcecode.c.objc; name = CCActionInterval.m; path = libs/cocos2d/CCActionInterval.m; sourceTree = "<group>"; };
		DE3161F9146253F50090FA3A /* CCActionManager.h */ = {isa = PBXFileReference; name = CCActionManager.h; path = libs/cocos2d/CCActionManager.h; sourceTree = "<group>"; };
		DE3161FA146253F50090FA3A /* CCActionManager.m */ = {isa = PBXFileReference; lastKnownFileType = sourcecode.c.objc; name = CCActionManager.m; path = libs/cocos2d/CCActionManager.m; sourceTree = "<group>"; };
		DE3161FC146253F50090FA3A /* CCActionPageTurn3D.h */ = {isa = PBXFileReference; name = CCActionPageTurn3D.h; path = libs/cocos2d/CCActionPageTurn3D.h; sourceTree = "<group>"; };
		DE3161FD146253F50090FA3A /* CCActionPageTurn3D.m */ = {isa = PBXFileReference; lastKnownFileType = sourcecode.c.objc; name = CCActionPageTurn3D.m; path = libs/cocos2d/CCActionPageTurn3D.m; sourceTree = "<group>"; };
		DE3161FF146253F60090FA3A /* CCActionProgressTimer.h */ = {isa = PBXFileReference; name = CCActionProgressTimer.h; path = libs/cocos2d/CCActionProgressTimer.h; sourceTree = "<group>"; };
		DE316200146253F60090FA3A /* CCActionProgressTimer.m */ = {isa = PBXFileReference; lastKnownFileType = sourcecode.c.objc; name = CCActionProgressTimer.m; path = libs/cocos2d/CCActionProgressTimer.m; sourceTree = "<group>"; };
		DE316202146253F60090FA3A /* CCActionTiledGrid.h */ = {isa = PBXFileReference; name = CCActionTiledGrid.h; path = libs/cocos2d/CCActionTiledGrid.h; sourceTree = "<group>"; };
		DE316203146253F60090FA3A /* CCActionTiledGrid.m */ = {isa = PBXFileReference; lastKnownFileType = sourcecode.c.objc; name = CCActionTiledGrid.m; path = libs/cocos2d/CCActionTiledGrid.m; sourceTree = "<group>"; };
		DE316205146253F60090FA3A /* CCActionTween.h */ = {isa = PBXFileReference; name = CCActionTween.h; path = libs/cocos2d/CCActionTween.h; sourceTree = "<group>"; };
		DE316206146253F60090FA3A /* CCActionTween.m */ = {isa = PBXFileReference; lastKnownFileType = sourcecode.c.objc; name = CCActionTween.m; path = libs/cocos2d/CCActionTween.m; sourceTree = "<group>"; };
		DE316208146253F60090FA3A /* CCAnimation.h */ = {isa = PBXFileReference; name = CCAnimation.h; path = libs/cocos2d/CCAnimation.h; sourceTree = "<group>"; };
		DE316209146253F60090FA3A /* CCAnimation.m */ = {isa = PBXFileReference; lastKnownFileType = sourcecode.c.objc; name = CCAnimation.m; path = libs/cocos2d/CCAnimation.m; sourceTree = "<group>"; };
		DE31620B146253F60090FA3A /* CCAnimationCache.h */ = {isa = PBXFileReference; name = CCAnimationCache.h; path = libs/cocos2d/CCAnimationCache.h; sourceTree = "<group>"; };
		DE31620C146253F60090FA3A /* CCAnimationCache.m */ = {isa = PBXFileReference; lastKnownFileType = sourcecode.c.objc; name = CCAnimationCache.m; path = libs/cocos2d/CCAnimationCache.m; sourceTree = "<group>"; };
		DE31620E146253F60090FA3A /* CCAtlasNode.h */ = {isa = PBXFileReference; name = CCAtlasNode.h; path = libs/cocos2d/CCAtlasNode.h; sourceTree = "<group>"; };
		DE31620F146253F60090FA3A /* CCAtlasNode.m */ = {isa = PBXFileReference; lastKnownFileType = sourcecode.c.objc; name = CCAtlasNode.m; path = libs/cocos2d/CCAtlasNode.m; sourceTree = "<group>"; };
		DE316211146253F60090FA3A /* CCBlockSupport.h */ = {isa = PBXFileReference; name = CCBlockSupport.h; path = libs/cocos2d/CCBlockSupport.h; sourceTree = "<group>"; };
		DE316212146253F60090FA3A /* CCBlockSupport.m */ = {isa = PBXFileReference; lastKnownFileType = sourcecode.c.objc; name = CCBlockSupport.m; path = libs/cocos2d/CCBlockSupport.m; sourceTree = "<group>"; };
		DE316214146253F60090FA3A /* CCCamera.h */ = {isa = PBXFileReference; name = CCCamera.h; path = libs/cocos2d/CCCamera.h; sourceTree = "<group>"; };
		DE316215146253F60090FA3A /* CCCamera.m */ = {isa = PBXFileReference; lastKnownFileType = sourcecode.c.objc; name = CCCamera.m; path = libs/cocos2d/CCCamera.m; sourceTree = "<group>"; };
		DE316217146253F60090FA3A /* ccConfig.h */ = {isa = PBXFileReference; name = ccConfig.h; path = libs/cocos2d/ccConfig.h; sourceTree = "<group>"; };
		DE316218146253F60090FA3A /* CCConfiguration.h */ = {isa = PBXFileReference; name = CCConfiguration.h; path = libs/cocos2d/CCConfiguration.h; sourceTree = "<group>"; };
		DE316219146253F60090FA3A /* CCConfiguration.m */ = {isa = PBXFileReference; lastKnownFileType = sourcecode.c.objc; name = CCConfiguration.m; path = libs/cocos2d/CCConfiguration.m; sourceTree = "<group>"; };
		DE31621B146253F60090FA3A /* CCDirector.h */ = {isa = PBXFileReference; name = CCDirector.h; path = libs/cocos2d/CCDirector.h; sourceTree = "<group>"; };
		DE31621C146253F60090FA3A /* CCDirector.m */ = {isa = PBXFileReference; lastKnownFileType = sourcecode.c.objc; name = CCDirector.m; path = libs/cocos2d/CCDirector.m; sourceTree = "<group>"; };
		DE31621E146253F60090FA3A /* CCDrawingPrimitives.h */ = {isa = PBXFileReference; name = CCDrawingPrimitives.h; path = libs/cocos2d/CCDrawingPrimitives.h; sourceTree = "<group>"; };
		DE31621F146253F60090FA3A /* CCDrawingPrimitives.m */ = {isa = PBXFileReference; lastKnownFileType = sourcecode.c.objc; name = CCDrawingPrimitives.m; path = libs/cocos2d/CCDrawingPrimitives.m; sourceTree = "<group>"; };
		DE316221146253F60090FA3A /* CCGrabber.h */ = {isa = PBXFileReference; name = CCGrabber.h; path = libs/cocos2d/CCGrabber.h; sourceTree = "<group>"; };
		DE316222146253F60090FA3A /* CCGrabber.m */ = {isa = PBXFileReference; lastKnownFileType = sourcecode.c.objc; name = CCGrabber.m; path = libs/cocos2d/CCGrabber.m; sourceTree = "<group>"; };
		DE316224146253F60090FA3A /* CCGrid.h */ = {isa = PBXFileReference; name = CCGrid.h; path = libs/cocos2d/CCGrid.h; sourceTree = "<group>"; };
		DE316225146253F60090FA3A /* CCGrid.m */ = {isa = PBXFileReference; lastKnownFileType = sourcecode.c.objc; name = CCGrid.m; path = libs/cocos2d/CCGrid.m; sourceTree = "<group>"; };
		DE316227146253F60090FA3A /* CCLabelAtlas.h */ = {isa = PBXFileReference; name = CCLabelAtlas.h; path = libs/cocos2d/CCLabelAtlas.h; sourceTree = "<group>"; };
		DE316228146253F60090FA3A /* CCLabelAtlas.m */ = {isa = PBXFileReference; lastKnownFileType = sourcecode.c.objc; name = CCLabelAtlas.m; path = libs/cocos2d/CCLabelAtlas.m; sourceTree = "<group>"; };
		DE31622A146253F60090FA3A /* CCLabelBMFont.h */ = {isa = PBXFileReference; name = CCLabelBMFont.h; path = libs/cocos2d/CCLabelBMFont.h; sourceTree = "<group>"; };
		DE31622B146253F60090FA3A /* CCLabelBMFont.m */ = {isa = PBXFileReference; lastKnownFileType = sourcecode.c.objc; name = CCLabelBMFont.m; path = libs/cocos2d/CCLabelBMFont.m; sourceTree = "<group>"; };
		DE31622D146253F60090FA3A /* CCLabelTTF.h */ = {isa = PBXFileReference; name = CCLabelTTF.h; path = libs/cocos2d/CCLabelTTF.h; sourceTree = "<group>"; };
		DE31622E146253F60090FA3A /* CCLabelTTF.m */ = {isa = PBXFileReference; lastKnownFileType = sourcecode.c.objc; name = CCLabelTTF.m; path = libs/cocos2d/CCLabelTTF.m; sourceTree = "<group>"; };
		DE316230146253F60090FA3A /* CCLayer.h */ = {isa = PBXFileReference; name = CCLayer.h; path = libs/cocos2d/CCLayer.h; sourceTree = "<group>"; };
		DE316231146253F60090FA3A /* CCLayer.m */ = {isa = PBXFileReference; lastKnownFileType = sourcecode.c.objc; name = CCLayer.m; path = libs/cocos2d/CCLayer.m; sourceTree = "<group>"; };
		DE316233146253F60090FA3A /* ccMacros.h */ = {isa = PBXFileReference; name = ccMacros.h; path = libs/cocos2d/ccMacros.h; sourceTree = "<group>"; };
		DE316234146253F60090FA3A /* CCMenu.h */ = {isa = PBXFileReference; name = CCMenu.h; path = libs/cocos2d/CCMenu.h; sourceTree = "<group>"; };
		DE316235146253F60090FA3A /* CCMenu.m */ = {isa = PBXFileReference; lastKnownFileType = sourcecode.c.objc; name = CCMenu.m; path = libs/cocos2d/CCMenu.m; sourceTree = "<group>"; };
		DE316237146253F60090FA3A /* CCMenuItem.h */ = {isa = PBXFileReference; name = CCMenuItem.h; path = libs/cocos2d/CCMenuItem.h; sourceTree = "<group>"; };
		DE316238146253F60090FA3A /* CCMenuItem.m */ = {isa = PBXFileReference; lastKnownFileType = sourcecode.c.objc; name = CCMenuItem.m; path = libs/cocos2d/CCMenuItem.m; sourceTree = "<group>"; };
		DE31623A146253F60090FA3A /* CCMotionStreak.h */ = {isa = PBXFileReference; name = CCMotionStreak.h; path = libs/cocos2d/CCMotionStreak.h; sourceTree = "<group>"; };
		DE31623B146253F60090FA3A /* CCMotionStreak.m */ = {isa = PBXFileReference; lastKnownFileType = sourcecode.c.objc; name = CCMotionStreak.m; path = libs/cocos2d/CCMotionStreak.m; sourceTree = "<group>"; };
		DE31623D146253F60090FA3A /* CCNode.h */ = {isa = PBXFileReference; name = CCNode.h; path = libs/cocos2d/CCNode.h; sourceTree = "<group>"; };
		DE31623E146253F60090FA3A /* CCNode.m */ = {isa = PBXFileReference; lastKnownFileType = sourcecode.c.objc; name = CCNode.m; path = libs/cocos2d/CCNode.m; sourceTree = "<group>"; };
		DE316240146253F60090FA3A /* CCParallaxNode.h */ = {isa = PBXFileReference; name = CCParallaxNode.h; path = libs/cocos2d/CCParallaxNode.h; sourceTree = "<group>"; };
		DE316241146253F60090FA3A /* CCParallaxNode.m */ = {isa = PBXFileReference; lastKnownFileType = sourcecode.c.objc; name = CCParallaxNode.m; path = libs/cocos2d/CCParallaxNode.m; sourceTree = "<group>"; };
		DE316243146253F60090FA3A /* CCParticleExamples.h */ = {isa = PBXFileReference; name = CCParticleExamples.h; path = libs/cocos2d/CCParticleExamples.h; sourceTree = "<group>"; };
		DE316244146253F60090FA3A /* CCParticleExamples.m */ = {isa = PBXFileReference; lastKnownFileType = sourcecode.c.objc; name = CCParticleExamples.m; path = libs/cocos2d/CCParticleExamples.m; sourceTree = "<group>"; };
		DE316246146253F60090FA3A /* CCParticleSystem.h */ = {isa = PBXFileReference; name = CCParticleSystem.h; path = libs/cocos2d/CCParticleSystem.h; sourceTree = "<group>"; };
		DE316247146253F60090FA3A /* CCParticleSystem.m */ = {isa = PBXFileReference; lastKnownFileType = sourcecode.c.objc; name = CCParticleSystem.m; path = libs/cocos2d/CCParticleSystem.m; sourceTree = "<group>"; };
		DE316249146253F60090FA3A /* CCParticleSystemPoint.h */ = {isa = PBXFileReference; name = CCParticleSystemPoint.h; path = libs/cocos2d/CCParticleSystemPoint.h; sourceTree = "<group>"; };
		DE31624A146253F60090FA3A /* CCParticleSystemPoint.m */ = {isa = PBXFileReference; lastKnownFileType = sourcecode.c.objc; name = CCParticleSystemPoint.m; path = libs/cocos2d/CCParticleSystemPoint.m; sourceTree = "<group>"; };
		DE31624C146253F60090FA3A /* CCParticleSystemQuad.h */ = {isa = PBXFileReference; name = CCParticleSystemQuad.h; path = libs/cocos2d/CCParticleSystemQuad.h; sourceTree = "<group>"; };
		DE31624D146253F60090FA3A /* CCParticleSystemQuad.m */ = {isa = PBXFileReference; lastKnownFileType = sourcecode.c.objc; name = CCParticleSystemQuad.m; path = libs/cocos2d/CCParticleSystemQuad.m; sourceTree = "<group>"; };
		DE31624F146253F60090FA3A /* CCProgressTimer.h */ = {isa = PBXFileReference; name = CCProgressTimer.h; path = libs/cocos2d/CCProgressTimer.h; sourceTree = "<group>"; };
		DE316250146253F60090FA3A /* CCProgressTimer.m */ = {isa = PBXFileReference; lastKnownFileType = sourcecode.c.objc; name = CCProgressTimer.m; path = libs/cocos2d/CCProgressTimer.m; sourceTree = "<group>"; };
		DE316252146253F60090FA3A /* CCProtocols.h */ = {isa = PBXFileReference; name = CCProtocols.h; path = libs/cocos2d/CCProtocols.h; sourceTree = "<group>"; };
		DE316253146253F60090FA3A /* CCRenderTexture.h */ = {isa = PBXFileReference; name = CCRenderTexture.h; path = libs/cocos2d/CCRenderTexture.h; sourceTree = "<group>"; };
		DE316254146253F60090FA3A /* CCRenderTexture.m */ = {isa = PBXFileReference; lastKnownFileType = sourcecode.c.objc; name = CCRenderTexture.m; path = libs/cocos2d/CCRenderTexture.m; sourceTree = "<group>"; };
		DE316256146253F60090FA3A /* CCRibbon.h */ = {isa = PBXFileReference; name = CCRibbon.h; path = libs/cocos2d/CCRibbon.h; sourceTree = "<group>"; };
		DE316257146253F60090FA3A /* CCRibbon.m */ = {isa = PBXFileReference; lastKnownFileType = sourcecode.c.objc; name = CCRibbon.m; path = libs/cocos2d/CCRibbon.m; sourceTree = "<group>"; };
		DE316259146253F60090FA3A /* CCScene.h */ = {isa = PBXFileReference; name = CCScene.h; path = libs/cocos2d/CCScene.h; sourceTree = "<group>"; };
		DE31625A146253F60090FA3A /* CCScene.m */ = {isa = PBXFileReference; lastKnownFileType = sourcecode.c.objc; name = CCScene.m; path = libs/cocos2d/CCScene.m; sourceTree = "<group>"; };
		DE31625C146253F60090FA3A /* CCScheduler.h */ = {isa = PBXFileReference; name = CCScheduler.h; path = libs/cocos2d/CCScheduler.h; sourceTree = "<group>"; };
		DE31625D146253F70090FA3A /* CCScheduler.m */ = {isa = PBXFileReference; lastKnownFileType = sourcecode.c.objc; name = CCScheduler.m; path = libs/cocos2d/CCScheduler.m; sourceTree = "<group>"; };
		DE31625F146253F70090FA3A /* CCSprite.h */ = {isa = PBXFileReference; name = CCSprite.h; path = libs/cocos2d/CCSprite.h; sourceTree = "<group>"; };
		DE316260146253F70090FA3A /* CCSprite.m */ = {isa = PBXFileReference; lastKnownFileType = sourcecode.c.objc; name = CCSprite.m; path = libs/cocos2d/CCSprite.m; sourceTree = "<group>"; };
		DE316262146253F70090FA3A /* CCSpriteBatchNode.h */ = {isa = PBXFileReference; name = CCSpriteBatchNode.h; path = libs/cocos2d/CCSpriteBatchNode.h; sourceTree = "<group>"; };
		DE316263146253F70090FA3A /* CCSpriteBatchNode.m */ = {isa = PBXFileReference; lastKnownFileType = sourcecode.c.objc; name = CCSpriteBatchNode.m; path = libs/cocos2d/CCSpriteBatchNode.m; sourceTree = "<group>"; };
		DE316265146253F70090FA3A /* CCSpriteFrame.h */ = {isa = PBXFileReference; name = CCSpriteFrame.h; path = libs/cocos2d/CCSpriteFrame.h; sourceTree = "<group>"; };
		DE316266146253F70090FA3A /* CCSpriteFrame.m */ = {isa = PBXFileReference; lastKnownFileType = sourcecode.c.objc; name = CCSpriteFrame.m; path = libs/cocos2d/CCSpriteFrame.m; sourceTree = "<group>"; };
		DE316268146253F70090FA3A /* CCSpriteFrameCache.h */ = {isa = PBXFileReference; name = CCSpriteFrameCache.h; path = libs/cocos2d/CCSpriteFrameCache.h; sourceTree = "<group>"; };
		DE316269146253F70090FA3A /* CCSpriteFrameCache.m */ = {isa = PBXFileReference; lastKnownFileType = sourcecode.c.objc; name = CCSpriteFrameCache.m; path = libs/cocos2d/CCSpriteFrameCache.m; sourceTree = "<group>"; };
		DE31626B146253F70090FA3A /* CCTexture2D.h */ = {isa = PBXFileReference; name = CCTexture2D.h; path = libs/cocos2d/CCTexture2D.h; sourceTree = "<group>"; };
		DE31626C146253F70090FA3A /* CCTexture2D.m */ = {isa = PBXFileReference; lastKnownFileType = sourcecode.c.objc; name = CCTexture2D.m; path = libs/cocos2d/CCTexture2D.m; sourceTree = "<group>"; };
		DE31626E146253F70090FA3A /* CCTextureAtlas.h */ = {isa = PBXFileReference; name = CCTextureAtlas.h; path = libs/cocos2d/CCTextureAtlas.h; sourceTree = "<group>"; };
		DE31626F146253F70090FA3A /* CCTextureAtlas.m */ = {isa = PBXFileReference; lastKnownFileType = sourcecode.c.objc; name = CCTextureAtlas.m; path = libs/cocos2d/CCTextureAtlas.m; sourceTree = "<group>"; };
		DE316271146253F70090FA3A /* CCTextureCache.h */ = {isa = PBXFileReference; name = CCTextureCache.h; path = libs/cocos2d/CCTextureCache.h; sourceTree = "<group>"; };
		DE316272146253F70090FA3A /* CCTextureCache.m */ = {isa = PBXFileReference; lastKnownFileType = sourcecode.c.objc; name = CCTextureCache.m; path = libs/cocos2d/CCTextureCache.m; sourceTree = "<group>"; };
		DE316274146253F70090FA3A /* CCTexturePVR.h */ = {isa = PBXFileReference; name = CCTexturePVR.h; path = libs/cocos2d/CCTexturePVR.h; sourceTree = "<group>"; };
		DE316275146253F70090FA3A /* CCTexturePVR.m */ = {isa = PBXFileReference; lastKnownFileType = sourcecode.c.objc; name = CCTexturePVR.m; path = libs/cocos2d/CCTexturePVR.m; sourceTree = "<group>"; };
		DE316277146253F70090FA3A /* CCTileMapAtlas.h */ = {isa = PBXFileReference; name = CCTileMapAtlas.h; path = libs/cocos2d/CCTileMapAtlas.h; sourceTree = "<group>"; };
		DE316278146253F70090FA3A /* CCTileMapAtlas.m */ = {isa = PBXFileReference; lastKnownFileType = sourcecode.c.objc; name = CCTileMapAtlas.m; path = libs/cocos2d/CCTileMapAtlas.m; sourceTree = "<group>"; };
		DE31627A146253F70090FA3A /* CCTMXLayer.h */ = {isa = PBXFileReference; name = CCTMXLayer.h; path = libs/cocos2d/CCTMXLayer.h; sourceTree = "<group>"; };
		DE31627B146253F70090FA3A /* CCTMXLayer.m */ = {isa = PBXFileReference; lastKnownFileType = sourcecode.c.objc; name = CCTMXLayer.m; path = libs/cocos2d/CCTMXLayer.m; sourceTree = "<group>"; };
		DE31627D146253F70090FA3A /* CCTMXObjectGroup.h */ = {isa = PBXFileReference; name = CCTMXObjectGroup.h; path = libs/cocos2d/CCTMXObjectGroup.h; sourceTree = "<group>"; };
		DE31627E146253F70090FA3A /* CCTMXObjectGroup.m */ = {isa = PBXFileReference; lastKnownFileType = sourcecode.c.objc; name = CCTMXObjectGroup.m; path = libs/cocos2d/CCTMXObjectGroup.m; sourceTree = "<group>"; };
		DE316280146253F70090FA3A /* CCTMXTiledMap.h */ = {isa = PBXFileReference; name = CCTMXTiledMap.h; path = libs/cocos2d/CCTMXTiledMap.h; sourceTree = "<group>"; };
		DE316281146253F70090FA3A /* CCTMXTiledMap.m */ = {isa = PBXFileReference; lastKnownFileType = sourcecode.c.objc; name = CCTMXTiledMap.m; path = libs/cocos2d/CCTMXTiledMap.m; sourceTree = "<group>"; };
		DE316283146253F70090FA3A /* CCTMXXMLParser.h */ = {isa = PBXFileReference; name = CCTMXXMLParser.h; path = libs/cocos2d/CCTMXXMLParser.h; sourceTree = "<group>"; };
		DE316284146253F70090FA3A /* CCTMXXMLParser.m */ = {isa = PBXFileReference; lastKnownFileType = sourcecode.c.objc; name = CCTMXXMLParser.m; path = libs/cocos2d/CCTMXXMLParser.m; sourceTree = "<group>"; };
		DE316286146253F70090FA3A /* CCTransition.h */ = {isa = PBXFileReference; name = CCTransition.h; path = libs/cocos2d/CCTransition.h; sourceTree = "<group>"; };
		DE316287146253F70090FA3A /* CCTransition.m */ = {isa = PBXFileReference; lastKnownFileType = sourcecode.c.objc; name = CCTransition.m; path = libs/cocos2d/CCTransition.m; sourceTree = "<group>"; };
		DE316289146253F70090FA3A /* CCTransitionPageTurn.h */ = {isa = PBXFileReference; name = CCTransitionPageTurn.h; path = libs/cocos2d/CCTransitionPageTurn.h; sourceTree = "<group>"; };
		DE31628A146253F70090FA3A /* CCTransitionPageTurn.m */ = {isa = PBXFileReference; lastKnownFileType = sourcecode.c.objc; name = CCTransitionPageTurn.m; path = libs/cocos2d/CCTransitionPageTurn.m; sourceTree = "<group>"; };
		DE31628C146253F70090FA3A /* CCTransitionRadial.h */ = {isa = PBXFileReference; name = CCTransitionRadial.h; path = libs/cocos2d/CCTransitionRadial.h; sourceTree = "<group>"; };
		DE31628D146253F70090FA3A /* CCTransitionRadial.m */ = {isa = PBXFileReference; lastKnownFileType = sourcecode.c.objc; name = CCTransitionRadial.m; path = libs/cocos2d/CCTransitionRadial.m; sourceTree = "<group>"; };
		DE31628F146253F70090FA3A /* ccTypes.h */ = {isa = PBXFileReference; name = ccTypes.h; path = libs/cocos2d/ccTypes.h; sourceTree = "<group>"; };
		DE316290146253F70090FA3A /* cocos2d.h */ = {isa = PBXFileReference; name = cocos2d.h; path = libs/cocos2d/cocos2d.h; sourceTree = "<group>"; };
		DE316291146253F70090FA3A /* cocos2d.m */ = {isa = PBXFileReference; lastKnownFileType = sourcecode.c.objc; name = cocos2d.m; path = libs/cocos2d/cocos2d.m; sourceTree = "<group>"; };
		DE316294146253F70090FA3A /* CCGL.h */ = {isa = PBXFileReference; name = CCGL.h; path = libs/cocos2d/Platforms/CCGL.h; sourceTree = "<group>"; };
		DE316295146253F70090FA3A /* CCNS.h */ = {isa = PBXFileReference; name = CCNS.h; path = libs/cocos2d/Platforms/CCNS.h; sourceTree = "<group>"; };
		DE316297146253F70090FA3A /* CCDirectorIOS.h */ = {isa = PBXFileReference; name = CCDirectorIOS.h; path = libs/cocos2d/Platforms/iOS/CCDirectorIOS.h; sourceTree = "<group>"; };
		DE316298146253F70090FA3A /* CCDirectorIOS.m */ = {isa = PBXFileReference; lastKnownFileType = sourcecode.c.objc; name = CCDirectorIOS.m; path = libs/cocos2d/Platforms/iOS/CCDirectorIOS.m; sourceTree = "<group>"; };
		DE31629A146253F70090FA3A /* CCTouchDelegateProtocol.h */ = {isa = PBXFileReference; name = CCTouchDelegateProtocol.h; path = libs/cocos2d/Platforms/iOS/CCTouchDelegateProtocol.h; sourceTree = "<group>"; };
		DE31629B146253F70090FA3A /* CCTouchDispatcher.h */ = {isa = PBXFileReference; name = CCTouchDispatcher.h; path = libs/cocos2d/Platforms/iOS/CCTouchDispatcher.h; sourceTree = "<group>"; };
		DE31629C146253F70090FA3A /* CCTouchDispatcher.m */ = {isa = PBXFileReference; lastKnownFileType = sourcecode.c.objc; name = CCTouchDispatcher.m; path = libs/cocos2d/Platforms/iOS/CCTouchDispatcher.m; sourceTree = "<group>"; };
		DE31629E146253F70090FA3A /* CCTouchHandler.h */ = {isa = PBXFileReference; name = CCTouchHandler.h; path = libs/cocos2d/Platforms/iOS/CCTouchHandler.h; sourceTree = "<group>"; };
		DE31629F146253F70090FA3A /* CCTouchHandler.m */ = {isa = PBXFileReference; lastKnownFileType = sourcecode.c.objc; name = CCTouchHandler.m; path = libs/cocos2d/Platforms/iOS/CCTouchHandler.m; sourceTree = "<group>"; };
		DE3162A1146253F70090FA3A /* EAGLView.h */ = {isa = PBXFileReference; name = EAGLView.h; path = libs/cocos2d/Platforms/iOS/EAGLView.h; sourceTree = "<group>"; };
		DE3162A2146253F70090FA3A /* EAGLView.m */ = {isa = PBXFileReference; lastKnownFileType = sourcecode.c.objc; name = EAGLView.m; path = libs/cocos2d/Platforms/iOS/EAGLView.m; sourceTree = "<group>"; };
		DE3162A4146253F70090FA3A /* ES1Renderer.h */ = {isa = PBXFileReference; name = ES1Renderer.h; path = libs/cocos2d/Platforms/iOS/ES1Renderer.h; sourceTree = "<group>"; };
		DE3162A5146253F70090FA3A /* ES1Renderer.m */ = {isa = PBXFileReference; lastKnownFileType = sourcecode.c.objc; name = ES1Renderer.m; path = libs/cocos2d/Platforms/iOS/ES1Renderer.m; sourceTree = "<group>"; };
		DE3162A7146253F70090FA3A /* ESRenderer.h */ = {isa = PBXFileReference; name = ESRenderer.h; path = libs/cocos2d/Platforms/iOS/ESRenderer.h; sourceTree = "<group>"; };
		DE3162A8146253F70090FA3A /* glu.c */ = {isa = PBXFileReference; lastKnownFileType = sourcecode.c.c; name = glu.c; path = libs/cocos2d/Platforms/iOS/glu.c; sourceTree = "<group>"; };
		DE3162AA146253F70090FA3A /* glu.h */ = {isa = PBXFileReference; name = glu.h; path = libs/cocos2d/Platforms/iOS/glu.h; sourceTree = "<group>"; };
		DE3162AC146253F70090FA3A /* CCDirectorMac.h */ = {isa = PBXFileReference; name = CCDirectorMac.h; path = libs/cocos2d/Platforms/Mac/CCDirectorMac.h; sourceTree = "<group>"; };
		DE3162AD146253F70090FA3A /* CCDirectorMac.m */ = {isa = PBXFileReference; lastKnownFileType = sourcecode.c.objc; name = CCDirectorMac.m; path = libs/cocos2d/Platforms/Mac/CCDirectorMac.m; sourceTree = "<group>"; };
		DE3162AF146253F70090FA3A /* CCEventDispatcher.h */ = {isa = PBXFileReference; name = CCEventDispatcher.h; path = libs/cocos2d/Platforms/Mac/CCEventDispatcher.h; sourceTree = "<group>"; };
		DE3162B0146253F70090FA3A /* CCEventDispatcher.m */ = {isa = PBXFileReference; lastKnownFileType = sourcecode.c.objc; name = CCEventDispatcher.m; path = libs/cocos2d/Platforms/Mac/CCEventDispatcher.m; sourceTree = "<group>"; };
		DE3162B2146253F70090FA3A /* MacGLView.h */ = {isa = PBXFileReference; name = MacGLView.h; path = libs/cocos2d/Platforms/Mac/MacGLView.h; sourceTree = "<group>"; };
		DE3162B3146253F70090FA3A /* MacGLView.m */ = {isa = PBXFileReference; lastKnownFileType = sourcecode.c.objc; name = MacGLView.m; path = libs/cocos2d/Platforms/Mac/MacGLView.m; sourceTree = "<group>"; };
		DE3162B5146253F70090FA3A /* MacWindow.h */ = {isa = PBXFileReference; name = MacWindow.h; path = libs/cocos2d/Platforms/Mac/MacWindow.h; sourceTree = "<group>"; };
		DE3162B6146253F70090FA3A /* MacWindow.m */ = {isa = PBXFileReference; lastKnownFileType = sourcecode.c.objc; name = MacWindow.m; path = libs/cocos2d/Platforms/Mac/MacWindow.m; sourceTree = "<group>"; };
		DE3162B9146253F70090FA3A /* base64.c */ = {isa = PBXFileReference; lastKnownFileType = sourcecode.c.c; name = base64.c; path = libs/cocos2d/Support/base64.c; sourceTree = "<group>"; };
		DE3162BB146253F70090FA3A /* base64.h */ = {isa = PBXFileReference; name = base64.h; path = libs/cocos2d/Support/base64.h; sourceTree = "<group>"; };
		DE3162BC146253F70090FA3A /* CCArray.h */ = {isa = PBXFileReference; name = CCArray.h; path = libs/cocos2d/Support/CCArray.h; sourceTree = "<group>"; };
		DE3162BD146253F70090FA3A /* CCArray.m */ = {isa = PBXFileReference; lastKnownFileType = sourcecode.c.objc; name = CCArray.m; path = libs/cocos2d/Support/CCArray.m; sourceTree = "<group>"; };
		DE3162BF146253F70090FA3A /* ccCArray.h */ = {isa = PBXFileReference; name = ccCArray.h; path = libs/cocos2d/Support/ccCArray.h; sourceTree = "<group>"; };
		DE3162C0146253F70090FA3A /* CCFileUtils.h */ = {isa = PBXFileReference; name = CCFileUtils.h; path = libs/cocos2d/Support/CCFileUtils.h; sourceTree = "<group>"; };
		DE3162C1146253F70090FA3A /* CCFileUtils.m */ = {isa = PBXFileReference; lastKnownFileType = sourcecode.c.objc; name = CCFileUtils.m; path = libs/cocos2d/Support/CCFileUtils.m; sourceTree = "<group>"; };
		DE3162C3146253F70090FA3A /* CCProfiling.h */ = {isa = PBXFileReference; name = CCProfiling.h; path = libs/cocos2d/Support/CCProfiling.h; sourceTree = "<group>"; };
		DE3162C4146253F70090FA3A /* CCProfiling.m */ = {isa = PBXFileReference; lastKnownFileType = sourcecode.c.objc; name = CCProfiling.m; path = libs/cocos2d/Support/CCProfiling.m; sourceTree = "<group>"; };
		DE3162C6146253F70090FA3A /* ccUtils.c */ = {isa = PBXFileReference; lastKnownFileType = sourcecode.c.c; name = ccUtils.c; path = libs/cocos2d/Support/ccUtils.c; sourceTree = "<group>"; };
		DE3162C8146253F70090FA3A /* ccUtils.h */ = {isa = PBXFileReference; name = ccUtils.h; path = libs/cocos2d/Support/ccUtils.h; sourceTree = "<group>"; };
		DE3162C9146253F70090FA3A /* CGPointExtension.h */ = {isa = PBXFileReference; name = CGPointExtension.h; path = libs/cocos2d/Support/CGPointExtension.h; sourceTree = "<group>"; };
		DE3162CA146253F70090FA3A /* CGPointExtension.m */ = {isa = PBXFileReference; lastKnownFileType = sourcecode.c.objc; name = CGPointExtension.m; path = libs/cocos2d/Support/CGPointExtension.m; sourceTree = "<group>"; };
		DE3162CC146253F70090FA3A /* OpenGL_Internal.h */ = {isa = PBXFileReference; name = OpenGL_Internal.h; path = libs/cocos2d/Support/OpenGL_Internal.h; sourceTree = "<group>"; };
		DE3162CD146253F70090FA3A /* TGAlib.h */ = {isa = PBXFileReference; name = TGAlib.h; path = libs/cocos2d/Support/TGAlib.h; sourceTree = "<group>"; };
		DE3162CE146253F80090FA3A /* TGAlib.m */ = {isa = PBXFileReference; lastKnownFileType = sourcecode.c.objc; name = TGAlib.m; path = libs/cocos2d/Support/TGAlib.m; sourceTree = "<group>"; };
		DE3162D0146253F80090FA3A /* TransformUtils.h */ = {isa = PBXFileReference; name = TransformUtils.h; path = libs/cocos2d/Support/TransformUtils.h; sourceTree = "<group>"; };
		DE3162D1146253F80090FA3A /* TransformUtils.m */ = {isa = PBXFileReference; lastKnownFileType = sourcecode.c.objc; name = TransformUtils.m; path = libs/cocos2d/Support/TransformUtils.m; sourceTree = "<group>"; };
		DE3162D3146253F80090FA3A /* uthash.h */ = {isa = PBXFileReference; name = uthash.h; path = libs/cocos2d/Support/uthash.h; sourceTree = "<group>"; };
		DE3162D4146253F80090FA3A /* utlist.h */ = {isa = PBXFileReference; name = utlist.h; path = libs/cocos2d/Support/utlist.h; sourceTree = "<group>"; };
		DE3162D5146253F80090FA3A /* ZipUtils.h */ = {isa = PBXFileReference; name = ZipUtils.h; path = libs/cocos2d/Support/ZipUtils.h; sourceTree = "<group>"; };
		DE3162D6146253F80090FA3A /* ZipUtils.m */ = {isa = PBXFileReference; lastKnownFileType = sourcecode.c.objc; name = ZipUtils.m; path = libs/cocos2d/Support/ZipUtils.m; sourceTree = "<group>"; };
		DE3162D8146253F80090FA3A /* LICENSE_cocos2d.txt */ = {isa = PBXFileReference; name = LICENSE_cocos2d.txt; path = libs/LICENSE_cocos2d.txt; sourceTree = "<group>"; };
		DE3162DA146253F80090FA3A /* CDAudioManager.h */ = {isa = PBXFileReference; name = CDAudioManager.h; path = libs/CocosDenshion/CDAudioManager.h; sourceTree = "<group>"; };
		DE3162DB146253F80090FA3A /* CDAudioManager.m */ = {isa = PBXFileReference; lastKnownFileType = sourcecode.c.objc; name = CDAudioManager.m; path = libs/CocosDenshion/CDAudioManager.m; sourceTree = "<group>"; };
		DE3162DD146253F80090FA3A /* CDConfig.h */ = {isa = PBXFileReference; name = CDConfig.h; path = libs/CocosDenshion/CDConfig.h; sourceTree = "<group>"; };
		DE3162DE146253F80090FA3A /* CDOpenALSupport.h */ = {isa = PBXFileReference; name = CDOpenALSupport.h; path = libs/CocosDenshion/CDOpenALSupport.h; sourceTree = "<group>"; };
		DE3162DF146253F80090FA3A /* CDOpenALSupport.m */ = {isa = PBXFileReference; lastKnownFileType = sourcecode.c.objc; name = CDOpenALSupport.m; path = libs/CocosDenshion/CDOpenALSupport.m; sourceTree = "<group>"; };
		DE3162E1146253F80090FA3A /* CocosDenshion.h */ = {isa = PBXFileReference; name = CocosDenshion.h; path = libs/CocosDenshion/CocosDenshion.h; sourceTree = "<group>"; };
		DE3162E2146253F80090FA3A /* CocosDenshion.m */ = {isa = PBXFileReference; lastKnownFileType = sourcecode.c.objc; name = CocosDenshion.m; path = libs/CocosDenshion/CocosDenshion.m; sourceTree = "<group>"; };
		DE3162E4146253F80090FA3A /* SimpleAudioEngine.h */ = {isa = PBXFileReference; name = SimpleAudioEngine.h; path = libs/CocosDenshion/SimpleAudioEngine.h; sourceTree = "<group>"; };
		DE3162E5146253F80090FA3A /* SimpleAudioEngine.m */ = {isa = PBXFileReference; lastKnownFileType = sourcecode.c.objc; name = SimpleAudioEngine.m; path = libs/CocosDenshion/SimpleAudioEngine.m; sourceTree = "<group>"; };
		DE3162E7146253F80090FA3A /* LICENSE_CocosDenshion.txt */ = {isa = PBXFileReference; name = LICENSE_CocosDenshion.txt; path = libs/LICENSE_CocosDenshion.txt; sourceTree = "<group>"; };
		DE3162E9146253F80090FA3A /* CLScoreServerPost.h */ = {isa = PBXFileReference; name = CLScoreServerPost.h; path = libs/cocoslive/CLScoreServerPost.h; sourceTree = "<group>"; };
		DE3162EA146253F80090FA3A /* CLScoreServerPost.m */ = {isa = PBXFileReference; lastKnownFileType = sourcecode.c.objc; name = CLScoreServerPost.m; path = libs/cocoslive/CLScoreServerPost.m; sourceTree = "<group>"; };
		DE3162EC146253F80090FA3A /* CLScoreServerRequest.h */ = {isa = PBXFileReference; name = CLScoreServerRequest.h; path = libs/cocoslive/CLScoreServerRequest.h; sourceTree = "<group>"; };
		DE3162ED146253F80090FA3A /* CLScoreServerRequest.m */ = {isa = PBXFileReference; lastKnownFileType = sourcecode.c.objc; name = CLScoreServerRequest.m; path = libs/cocoslive/CLScoreServerRequest.m; sourceTree = "<group>"; };
		DE3162EF146253F80090FA3A /* cocoslive.h */ = {isa = PBXFileReference; name = cocoslive.h; path = libs/cocoslive/cocoslive.h; sourceTree = "<group>"; };
		DE3162F0146253F80090FA3A /* cocoslive.m */ = {isa = PBXFileReference; lastKnownFileType = sourcecode.c.objc; name = cocoslive.m; path = libs/cocoslive/cocoslive.m; sourceTree = "<group>"; };
		DE3162F2146253F80090FA3A /* LICENSE_TouchJSON.txt */ = {isa = PBXFileReference; name = LICENSE_TouchJSON.txt; path = libs/LICENSE_TouchJSON.txt; sourceTree = "<group>"; };
		DE3162F4146253F80090FA3A /* CDataScanner.h */ = {isa = PBXFileReference; name = CDataScanner.h; path = libs/TouchJSON/CDataScanner.h; sourceTree = "<group>"; };
		DE3162F5146253F80090FA3A /* CDataScanner.m */ = {isa = PBXFileReference; lastKnownFileType = sourcecode.c.objc; name = CDataScanner.m; path = libs/TouchJSON/CDataScanner.m; sourceTree = "<group>"; };
		DE3162F8146253F80090FA3A /* CDataScanner_Extensions.h */ = {isa = PBXFileReference; name = CDataScanner_Extensions.h; path = libs/TouchJSON/Extensions/CDataScanner_Extensions.h; sourceTree = "<group>"; };
		DE3162F9146253F80090FA3A /* CDataScanner_Extensions.m */ = {isa = PBXFileReference; lastKnownFileType = sourcecode.c.objc; name = CDataScanner_Extensions.m; path = libs/TouchJSON/Extensions/CDataScanner_Extensions.m; sourceTree = "<group>"; };
		DE3162FB146253F80090FA3A /* NSDictionary_JSONExtensions.h */ = {isa = PBXFileReference; name = NSDictionary_JSONExtensions.h; path = libs/TouchJSON/Extensions/NSDictionary_JSONExtensions.h; sourceTree = "<group>"; };
		DE3162FC146253F80090FA3A /* NSDictionary_JSONExtensions.m */ = {isa = PBXFileReference; lastKnownFileType = sourcecode.c.objc; name = NSDictionary_JSONExtensions.m; path = libs/TouchJSON/Extensions/NSDictionary_JSONExtensions.m; sourceTree = "<group>"; };
		DE3162FF146253F80090FA3A /* CJSONDeserializer.h */ = {isa = PBXFileReference; name = CJSONDeserializer.h; path = libs/TouchJSON/JSON/CJSONDeserializer.h; sourceTree = "<group>"; };
		DE316300146253F80090FA3A /* CJSONDeserializer.m */ = {isa = PBXFileReference; lastKnownFileType = sourcecode.c.objc; name = CJSONDeserializer.m; path = libs/TouchJSON/JSON/CJSONDeserializer.m; sourceTree = "<group>"; };
		DE316302146253F80090FA3A /* CJSONScanner.h */ = {isa = PBXFileReference; name = CJSONScanner.h; path = libs/TouchJSON/JSON/CJSONScanner.h; sourceTree = "<group>"; };
		DE316303146253F80090FA3A /* CJSONScanner.m */ = {isa = PBXFileReference; lastKnownFileType = sourcecode.c.objc; name = CJSONScanner.m; path = libs/TouchJSON/JSON/CJSONScanner.m; sourceTree = "<group>"; };
		DE316305146253F80090FA3A /* CJSONSerializer.h */ = {isa = PBXFileReference; name = CJSONSerializer.h; path = libs/TouchJSON/JSON/CJSONSerializer.h; sourceTree = "<group>"; };
		DE316306146253F80090FA3A /* CJSONSerializer.m */ = {isa = PBXFileReference; lastKnownFileType = sourcecode.c.objc; name = CJSONSerializer.m; path = libs/TouchJSON/JSON/CJSONSerializer.m; sourceTree = "<group>"; };
		DE316308146253F80090FA3A /* JSONRepresentation.h */ = {isa = PBXFileReference; name = JSONRepresentation.h; path = libs/TouchJSON/JSON/JSONRepresentation.h; sourceTree = "<group>"; };
		DE31630A146253F80090FA3A /* FontLabel.h */ = {isa = PBXFileReference; name = FontLabel.h; path = libs/FontLabel/FontLabel.h; sourceTree = "<group>"; };
		DE31630B146253F80090FA3A /* FontLabel.m */ = {isa = PBXFileReference; lastKnownFileType = sourcecode.c.objc; name = FontLabel.m; path = libs/FontLabel/FontLabel.m; sourceTree = "<group>"; };
		DE31630D146253F80090FA3A /* FontLabelStringDrawing.h */ = {isa = PBXFileReference; name = FontLabelStringDrawing.h; path = libs/FontLabel/FontLabelStringDrawing.h; sourceTree = "<group>"; };
		DE31630E146253F80090FA3A /* FontLabelStringDrawing.m */ = {isa = PBXFileReference; lastKnownFileType = sourcecode.c.objc; name = FontLabelStringDrawing.m; path = libs/FontLabel/FontLabelStringDrawing.m; sourceTree = "<group>"; };
		DE316310146253F80090FA3A /* FontManager.h */ = {isa = PBXFileReference; name = FontManager.h; path = libs/FontLabel/FontManager.h; sourceTree = "<group>"; };
		DE316311146253F80090FA3A /* FontManager.m */ = {isa = PBXFileReference; lastKnownFileType = sourcecode.c.objc; name = FontManager.m; path = libs/FontLabel/FontManager.m; sourceTree = "<group>"; };
		DE316313146253F80090FA3A /* ZAttributedString.h */ = {isa = PBXFileReference; name = ZAttributedString.h; path = libs/FontLabel/ZAttributedString.h; sourceTree = "<group>"; };
		DE316314146253F80090FA3A /* ZAttributedString.m */ = {isa = PBXFileReference; lastKnownFileType = sourcecode.c.objc; name = ZAttributedString.m; path = libs/FontLabel/ZAttributedString.m; sourceTree = "<group>"; };
		DE316316146253F80090FA3A /* ZAttributedStringPrivate.h */ = {isa = PBXFileReference; name = ZAttributedStringPrivate.h; path = libs/FontLabel/ZAttributedStringPrivate.h; sourceTree = "<group>"; };
		DE316317146253F80090FA3A /* ZFont.h */ = {isa = PBXFileReference; name = ZFont.h; path = libs/FontLabel/ZFont.h; sourceTree = "<group>"; };
		DE316318146253F80090FA3A /* ZFont.m */ = {isa = PBXFileReference; lastKnownFileType = sourcecode.c.objc; name = ZFont.m; path = libs/FontLabel/ZFont.m; sourceTree = "<group>"; };
		DE31631A146253F80090FA3A /* LICENSE_FontLabel.txt */ = {isa = PBXFileReference; name = LICENSE_FontLabel.txt; path = libs/LICENSE_FontLabel.txt; sourceTree = "<group>"; };
		DE31631C146253F80090FA3A /* Prefix.pch */ = {isa = PBXFileReference; path = Prefix.pch; sourceTree = "<group>"; };
		DE31631D146253F80090FA3A /* main.m */ = {isa = PBXFileReference; lastKnownFileType = sourcecode.c.objc; path = main.m; sourceTree = "<group>"; };
		DE31631F146253F80090FA3A /* AppDelegate.h */ = {isa = PBXFileReference; path = AppDelegate.h; sourceTree = "<group>"; };
		DE316320146253F80090FA3A /* AppDelegate.m */ = {isa = PBXFileReference; lastKnownFileType = sourcecode.c.objc; path = AppDelegate.m; sourceTree = "<group>"; };
		DE316322146253F80090FA3A /* RootViewController.h */ = {isa = PBXFileReference; path = RootViewController.h; sourceTree = "<group>"; };
		DE316323146253F80090FA3A /* RootViewController.m */ = {isa = PBXFileReference; lastKnownFileType = sourcecode.c.objc; path = RootViewController.m; sourceTree = "<group>"; };
		DE316325146253F80090FA3A /* HelloWorldLayer.h */ = {isa = PBXFileReference; path = HelloWorldLayer.h; sourceTree = "<group>"; };
		DE316326146253F80090FA3A /* HelloWorldLayer.m */ = {isa = PBXFileReference; lastKnownFileType = sourcecode.c.objc; path = HelloWorldLayer.m; sourceTree = "<group>"; };
		DE316328146253F80090FA3A /* GameConfig.h */ = {isa = PBXFileReference; path = GameConfig.h; sourceTree = "<group>"; };
/* End PBXFileReference section */

/* Begin PBXFrameworksBuildPhase section */
		DE3161B6146253F50090FA3A /* Frameworks */ = {
			isa = PBXFrameworksBuildPhase;
			buildActionMask = 2147483647;
			files = (
				DE3161BE146253F50090FA3A /* QuartzCore.framework in Frameworks */,
				DE3161C0146253F50090FA3A /* OpenGLES.framework in Frameworks */,
				DE3161C2146253F50090FA3A /* OpenAL.framework in Frameworks */,
				DE3161C4146253F50090FA3A /* AudioToolbox.framework in Frameworks */,
				DE3161C6146253F50090FA3A /* AVFoundation.framework in Frameworks */,
				DE3161C8146253F50090FA3A /* UIKit.framework in Frameworks */,
				DE3161CA146253F50090FA3A /* Foundation.framework in Frameworks */,
				DE3161CC146253F50090FA3A /* CoreGraphics.framework in Frameworks */,
			);
			runOnlyForDeploymentPostprocessing = 0;
		};
/* End PBXFrameworksBuildPhase section */

/* Begin PBXGroup section */
		DE3161AE146253F50090FA3A = {
			isa = PBXGroup;
			children = (
				DE3161CD146253F50090FA3A /* HampsterDance */,
				DE3161BC146253F50090FA3A /* Frameworks */,
				DE3161BA146253F50090FA3A /* Products */,
			);
			sourceTree = "<group>";
		};
		DE3161BA146253F50090FA3A /* Products */ = {
			isa = PBXGroup;
			children = (
				DE3161B9146253F50090FA3A /* HampsterDance.app */,
			);
			name = Products;
			sourceTree = "<group>";
		};
		DE3161BC146253F50090FA3A /* Frameworks */ = {
			isa = PBXGroup;
			children = (
				DE3161BD146253F50090FA3A /* QuartzCore.framework */,
				DE3161BF146253F50090FA3A /* OpenGLES.framework */,
				DE3161C1146253F50090FA3A /* OpenAL.framework */,
				DE3161C3146253F50090FA3A /* AudioToolbox.framework */,
				DE3161C5146253F50090FA3A /* AVFoundation.framework */,
				DE3161C7146253F50090FA3A /* UIKit.framework */,
				DE3161C9146253F50090FA3A /* Foundation.framework */,
				DE3161CB146253F50090FA3A /* CoreGraphics.framework */,
			);
			name = Frameworks;
			sourceTree = "<group>";
		};
		DE3161CD146253F50090FA3A /* HampsterDance */ = {
			isa = PBXGroup;
			children = (
				DE31631F146253F80090FA3A /* AppDelegate.h */,
				DE316320146253F80090FA3A /* AppDelegate.m */,
				DE316322146253F80090FA3A /* RootViewController.h */,
				DE316323146253F80090FA3A /* RootViewController.m */,
				DE316325146253F80090FA3A /* HelloWorldLayer.h */,
				DE316326146253F80090FA3A /* HelloWorldLayer.m */,
				DE316328146253F80090FA3A /* GameConfig.h */,
				DE3161CE146253F50090FA3A /* Resources */,
				DE3161E2146253F50090FA3A /* libs */,
				DE31631B146253F80090FA3A /* Supporting Files */,
			);
			path = HampsterDance;
			sourceTree = "<group>";
		};
		DE3161CE146253F50090FA3A /* Resources */ = {
			isa = PBXGroup;
			children = (
				DE3161CF146253F50090FA3A /* Default.png */,
				DE3161D1146253F50090FA3A /* fps_images.png */,
				DE3161D3146253F50090FA3A /* Icon-72.png */,
				DE3161D5146253F50090FA3A /* Icon-Small-50.png */,
				DE3161D7146253F50090FA3A /* Icon-Small.png */,
				DE3161D9146253F50090FA3A /* Icon-Small@2x.png */,
				DE3161DB146253F50090FA3A /* Icon.png */,
				DE3161DD146253F50090FA3A /* Icon@2x.png */,
				DE3161DF146253F50090FA3A /* Info.plist */,
				DE3161E0146253F50090FA3A /* iTunesArtwork */,
			);
			name = Resources;
			sourceTree = "<group>";
		};
		DE3161E2146253F50090FA3A /* libs */ = {
			isa = PBXGroup;
			children = (
				DE3162D8146253F80090FA3A /* LICENSE_cocos2d.txt */,
				DE3162E7146253F80090FA3A /* LICENSE_CocosDenshion.txt */,
				DE3162F2146253F80090FA3A /* LICENSE_TouchJSON.txt */,
				DE31631A146253F80090FA3A /* LICENSE_FontLabel.txt */,
				DE3161E3146253F50090FA3A /* cocos2d */,
				DE3162D9146253F80090FA3A /* CocosDenshion */,
				DE3162E8146253F80090FA3A /* cocoslive */,
				DE3162F3146253F80090FA3A /* TouchJSON */,
				DE316309146253F80090FA3A /* FontLabel */,
			);
			name = libs;
			sourceTree = "<group>";
		};
		DE3161E3146253F50090FA3A /* cocos2d */ = {
			isa = PBXGroup;
			children = (
				DE3161E4146253F50090FA3A /* CCAction.h */,
				DE3161E5146253F50090FA3A /* CCAction.m */,
				DE3161E7146253F50090FA3A /* CCActionCamera.h */,
				DE3161E8146253F50090FA3A /* CCActionCamera.m */,
				DE3161EA146253F50090FA3A /* CCActionEase.h */,
				DE3161EB146253F50090FA3A /* CCActionEase.m */,
				DE3161ED146253F50090FA3A /* CCActionGrid.h */,
				DE3161EE146253F50090FA3A /* CCActionGrid.m */,
				DE3161F0146253F50090FA3A /* CCActionGrid3D.h */,
				DE3161F1146253F50090FA3A /* CCActionGrid3D.m */,
				DE3161F3146253F50090FA3A /* CCActionInstant.h */,
				DE3161F4146253F50090FA3A /* CCActionInstant.m */,
				DE3161F6146253F50090FA3A /* CCActionInterval.h */,
				DE3161F7146253F50090FA3A /* CCActionInterval.m */,
				DE3161F9146253F50090FA3A /* CCActionManager.h */,
				DE3161FA146253F50090FA3A /* CCActionManager.m */,
				DE3161FC146253F50090FA3A /* CCActionPageTurn3D.h */,
				DE3161FD146253F50090FA3A /* CCActionPageTurn3D.m */,
				DE3161FF146253F60090FA3A /* CCActionProgressTimer.h */,
				DE316200146253F60090FA3A /* CCActionProgressTimer.m */,
				DE316202146253F60090FA3A /* CCActionTiledGrid.h */,
				DE316203146253F60090FA3A /* CCActionTiledGrid.m */,
				DE316205146253F60090FA3A /* CCActionTween.h */,
				DE316206146253F60090FA3A /* CCActionTween.m */,
				DE316208146253F60090FA3A /* CCAnimation.h */,
				DE316209146253F60090FA3A /* CCAnimation.m */,
				DE31620B146253F60090FA3A /* CCAnimationCache.h */,
				DE31620C146253F60090FA3A /* CCAnimationCache.m */,
				DE31620E146253F60090FA3A /* CCAtlasNode.h */,
				DE31620F146253F60090FA3A /* CCAtlasNode.m */,
				DE316211146253F60090FA3A /* CCBlockSupport.h */,
				DE316212146253F60090FA3A /* CCBlockSupport.m */,
				DE316214146253F60090FA3A /* CCCamera.h */,
				DE316215146253F60090FA3A /* CCCamera.m */,
				DE316217146253F60090FA3A /* ccConfig.h */,
				DE316218146253F60090FA3A /* CCConfiguration.h */,
				DE316219146253F60090FA3A /* CCConfiguration.m */,
				DE31621B146253F60090FA3A /* CCDirector.h */,
				DE31621C146253F60090FA3A /* CCDirector.m */,
				DE31621E146253F60090FA3A /* CCDrawingPrimitives.h */,
				DE31621F146253F60090FA3A /* CCDrawingPrimitives.m */,
				DE316221146253F60090FA3A /* CCGrabber.h */,
				DE316222146253F60090FA3A /* CCGrabber.m */,
				DE316224146253F60090FA3A /* CCGrid.h */,
				DE316225146253F60090FA3A /* CCGrid.m */,
				DE316227146253F60090FA3A /* CCLabelAtlas.h */,
				DE316228146253F60090FA3A /* CCLabelAtlas.m */,
				DE31622A146253F60090FA3A /* CCLabelBMFont.h */,
				DE31622B146253F60090FA3A /* CCLabelBMFont.m */,
				DE31622D146253F60090FA3A /* CCLabelTTF.h */,
				DE31622E146253F60090FA3A /* CCLabelTTF.m */,
				DE316230146253F60090FA3A /* CCLayer.h */,
				DE316231146253F60090FA3A /* CCLayer.m */,
				DE316233146253F60090FA3A /* ccMacros.h */,
				DE316234146253F60090FA3A /* CCMenu.h */,
				DE316235146253F60090FA3A /* CCMenu.m */,
				DE316237146253F60090FA3A /* CCMenuItem.h */,
				DE316238146253F60090FA3A /* CCMenuItem.m */,
				DE31623A146253F60090FA3A /* CCMotionStreak.h */,
				DE31623B146253F60090FA3A /* CCMotionStreak.m */,
				DE31623D146253F60090FA3A /* CCNode.h */,
				DE31623E146253F60090FA3A /* CCNode.m */,
				DE316240146253F60090FA3A /* CCParallaxNode.h */,
				DE316241146253F60090FA3A /* CCParallaxNode.m */,
				DE316243146253F60090FA3A /* CCParticleExamples.h */,
				DE316244146253F60090FA3A /* CCParticleExamples.m */,
				DE316246146253F60090FA3A /* CCParticleSystem.h */,
				DE316247146253F60090FA3A /* CCParticleSystem.m */,
				DE316249146253F60090FA3A /* CCParticleSystemPoint.h */,
				DE31624A146253F60090FA3A /* CCParticleSystemPoint.m */,
				DE31624C146253F60090FA3A /* CCParticleSystemQuad.h */,
				DE31624D146253F60090FA3A /* CCParticleSystemQuad.m */,
				DE31624F146253F60090FA3A /* CCProgressTimer.h */,
				DE316250146253F60090FA3A /* CCProgressTimer.m */,
				DE316252146253F60090FA3A /* CCProtocols.h */,
				DE316253146253F60090FA3A /* CCRenderTexture.h */,
				DE316254146253F60090FA3A /* CCRenderTexture.m */,
				DE316256146253F60090FA3A /* CCRibbon.h */,
				DE316257146253F60090FA3A /* CCRibbon.m */,
				DE316259146253F60090FA3A /* CCScene.h */,
				DE31625A146253F60090FA3A /* CCScene.m */,
				DE31625C146253F60090FA3A /* CCScheduler.h */,
				DE31625D146253F70090FA3A /* CCScheduler.m */,
				DE31625F146253F70090FA3A /* CCSprite.h */,
				DE316260146253F70090FA3A /* CCSprite.m */,
				DE316262146253F70090FA3A /* CCSpriteBatchNode.h */,
				DE316263146253F70090FA3A /* CCSpriteBatchNode.m */,
				DE316265146253F70090FA3A /* CCSpriteFrame.h */,
				DE316266146253F70090FA3A /* CCSpriteFrame.m */,
				DE316268146253F70090FA3A /* CCSpriteFrameCache.h */,
				DE316269146253F70090FA3A /* CCSpriteFrameCache.m */,
				DE31626B146253F70090FA3A /* CCTexture2D.h */,
				DE31626C146253F70090FA3A /* CCTexture2D.m */,
				DE31626E146253F70090FA3A /* CCTextureAtlas.h */,
				DE31626F146253F70090FA3A /* CCTextureAtlas.m */,
				DE316271146253F70090FA3A /* CCTextureCache.h */,
				DE316272146253F70090FA3A /* CCTextureCache.m */,
				DE316274146253F70090FA3A /* CCTexturePVR.h */,
				DE316275146253F70090FA3A /* CCTexturePVR.m */,
				DE316277146253F70090FA3A /* CCTileMapAtlas.h */,
				DE316278146253F70090FA3A /* CCTileMapAtlas.m */,
				DE31627A146253F70090FA3A /* CCTMXLayer.h */,
				DE31627B146253F70090FA3A /* CCTMXLayer.m */,
				DE31627D146253F70090FA3A /* CCTMXObjectGroup.h */,
				DE31627E146253F70090FA3A /* CCTMXObjectGroup.m */,
				DE316280146253F70090FA3A /* CCTMXTiledMap.h */,
				DE316281146253F70090FA3A /* CCTMXTiledMap.m */,
				DE316283146253F70090FA3A /* CCTMXXMLParser.h */,
				DE316284146253F70090FA3A /* CCTMXXMLParser.m */,
				DE316286146253F70090FA3A /* CCTransition.h */,
				DE316287146253F70090FA3A /* CCTransition.m */,
				DE316289146253F70090FA3A /* CCTransitionPageTurn.h */,
				DE31628A146253F70090FA3A /* CCTransitionPageTurn.m */,
				DE31628C146253F70090FA3A /* CCTransitionRadial.h */,
				DE31628D146253F70090FA3A /* CCTransitionRadial.m */,
				DE31628F146253F70090FA3A /* ccTypes.h */,
				DE316290146253F70090FA3A /* cocos2d.h */,
				DE316291146253F70090FA3A /* cocos2d.m */,
				DE316293146253F70090FA3A /* Platforms */,
				DE3162B8146253F70090FA3A /* Support */,
			);
			name = cocos2d;
			sourceTree = "<group>";
		};
		DE316293146253F70090FA3A /* Platforms */ = {
			isa = PBXGroup;
			children = (
				DE316294146253F70090FA3A /* CCGL.h */,
				DE316295146253F70090FA3A /* CCNS.h */,
				DE316296146253F70090FA3A /* iOS */,
				DE3162AB146253F70090FA3A /* Mac */,
			);
			name = Platforms;
			sourceTree = "<group>";
		};
		DE316296146253F70090FA3A /* iOS */ = {
			isa = PBXGroup;
			children = (
				DE316297146253F70090FA3A /* CCDirectorIOS.h */,
				DE316298146253F70090FA3A /* CCDirectorIOS.m */,
				DE31629A146253F70090FA3A /* CCTouchDelegateProtocol.h */,
				DE31629B146253F70090FA3A /* CCTouchDispatcher.h */,
				DE31629C146253F70090FA3A /* CCTouchDispatcher.m */,
				DE31629E146253F70090FA3A /* CCTouchHandler.h */,
				DE31629F146253F70090FA3A /* CCTouchHandler.m */,
				DE3162A1146253F70090FA3A /* EAGLView.h */,
				DE3162A2146253F70090FA3A /* EAGLView.m */,
				DE3162A4146253F70090FA3A /* ES1Renderer.h */,
				DE3162A5146253F70090FA3A /* ES1Renderer.m */,
				DE3162A7146253F70090FA3A /* ESRenderer.h */,
				DE3162A8146253F70090FA3A /* glu.c */,
				DE3162AA146253F70090FA3A /* glu.h */,
			);
			name = iOS;
			sourceTree = "<group>";
		};
		DE3162AB146253F70090FA3A /* Mac */ = {
			isa = PBXGroup;
			children = (
				DE3162AC146253F70090FA3A /* CCDirectorMac.h */,
				DE3162AD146253F70090FA3A /* CCDirectorMac.m */,
				DE3162AF146253F70090FA3A /* CCEventDispatcher.h */,
				DE3162B0146253F70090FA3A /* CCEventDispatcher.m */,
				DE3162B2146253F70090FA3A /* MacGLView.h */,
				DE3162B3146253F70090FA3A /* MacGLView.m */,
				DE3162B5146253F70090FA3A /* MacWindow.h */,
				DE3162B6146253F70090FA3A /* MacWindow.m */,
			);
			name = Mac;
			sourceTree = "<group>";
		};
		DE3162B8146253F70090FA3A /* Support */ = {
			isa = PBXGroup;
			children = (
				DE3162B9146253F70090FA3A /* base64.c */,
				DE3162BB146253F70090FA3A /* base64.h */,
				DE3162BC146253F70090FA3A /* CCArray.h */,
				DE3162BD146253F70090FA3A /* CCArray.m */,
				DE3162BF146253F70090FA3A /* ccCArray.h */,
				DE3162C0146253F70090FA3A /* CCFileUtils.h */,
				DE3162C1146253F70090FA3A /* CCFileUtils.m */,
				DE3162C3146253F70090FA3A /* CCProfiling.h */,
				DE3162C4146253F70090FA3A /* CCProfiling.m */,
				DE3162C6146253F70090FA3A /* ccUtils.c */,
				DE3162C8146253F70090FA3A /* ccUtils.h */,
				DE3162C9146253F70090FA3A /* CGPointExtension.h */,
				DE3162CA146253F70090FA3A /* CGPointExtension.m */,
				DE3162CC146253F70090FA3A /* OpenGL_Internal.h */,
				DE3162CD146253F70090FA3A /* TGAlib.h */,
				DE3162CE146253F80090FA3A /* TGAlib.m */,
				DE3162D0146253F80090FA3A /* TransformUtils.h */,
				DE3162D1146253F80090FA3A /* TransformUtils.m */,
				DE3162D3146253F80090FA3A /* uthash.h */,
				DE3162D4146253F80090FA3A /* utlist.h */,
				DE3162D5146253F80090FA3A /* ZipUtils.h */,
				DE3162D6146253F80090FA3A /* ZipUtils.m */,
			);
			name = Support;
			sourceTree = "<group>";
		};
		DE3162D9146253F80090FA3A /* CocosDenshion */ = {
			isa = PBXGroup;
			children = (
				DE3162DA146253F80090FA3A /* CDAudioManager.h */,
				DE3162DB146253F80090FA3A /* CDAudioManager.m */,
				DE3162DD146253F80090FA3A /* CDConfig.h */,
				DE3162DE146253F80090FA3A /* CDOpenALSupport.h */,
				DE3162DF146253F80090FA3A /* CDOpenALSupport.m */,
				DE3162E1146253F80090FA3A /* CocosDenshion.h */,
				DE3162E2146253F80090FA3A /* CocosDenshion.m */,
				DE3162E4146253F80090FA3A /* SimpleAudioEngine.h */,
				DE3162E5146253F80090FA3A /* SimpleAudioEngine.m */,
			);
			name = CocosDenshion;
			sourceTree = "<group>";
		};
		DE3162E8146253F80090FA3A /* cocoslive */ = {
			isa = PBXGroup;
			children = (
				DE3162E9146253F80090FA3A /* CLScoreServerPost.h */,
				DE3162EA146253F80090FA3A /* CLScoreServerPost.m */,
				DE3162EC146253F80090FA3A /* CLScoreServerRequest.h */,
				DE3162ED146253F80090FA3A /* CLScoreServerRequest.m */,
				DE3162EF146253F80090FA3A /* cocoslive.h */,
				DE3162F0146253F80090FA3A /* cocoslive.m */,
			);
			name = cocoslive;
			sourceTree = "<group>";
		};
		DE3162F3146253F80090FA3A /* TouchJSON */ = {
			isa = PBXGroup;
			children = (
				DE3162F4146253F80090FA3A /* CDataScanner.h */,
				DE3162F5146253F80090FA3A /* CDataScanner.m */,
				DE3162F7146253F80090FA3A /* Extensions */,
				DE3162FE146253F80090FA3A /* JSON */,
			);
			name = TouchJSON;
			sourceTree = "<group>";
		};
		DE3162F7146253F80090FA3A /* Extensions */ = {
			isa = PBXGroup;
			children = (
				DE3162F8146253F80090FA3A /* CDataScanner_Extensions.h */,
				DE3162F9146253F80090FA3A /* CDataScanner_Extensions.m */,
				DE3162FB146253F80090FA3A /* NSDictionary_JSONExtensions.h */,
				DE3162FC146253F80090FA3A /* NSDictionary_JSONExtensions.m */,
			);
			name = Extensions;
			sourceTree = "<group>";
		};
		DE3162FE146253F80090FA3A /* JSON */ = {
			isa = PBXGroup;
			children = (
				DE3162FF146253F80090FA3A /* CJSONDeserializer.h */,
				DE316300146253F80090FA3A /* CJSONDeserializer.m */,
				DE316302146253F80090FA3A /* CJSONScanner.h */,
				DE316303146253F80090FA3A /* CJSONScanner.m */,
				DE316305146253F80090FA3A /* CJSONSerializer.h */,
				DE316306146253F80090FA3A /* CJSONSerializer.m */,
				DE316308146253F80090FA3A /* JSONRepresentation.h */,
			);
			name = JSON;
			sourceTree = "<group>";
		};
		DE316309146253F80090FA3A /* FontLabel */ = {
			isa = PBXGroup;
			children = (
				DE31630A146253F80090FA3A /* FontLabel.h */,
				DE31630B146253F80090FA3A /* FontLabel.m */,
				DE31630D146253F80090FA3A /* FontLabelStringDrawing.h */,
				DE31630E146253F80090FA3A /* FontLabelStringDrawing.m */,
				DE316310146253F80090FA3A /* FontManager.h */,
				DE316311146253F80090FA3A /* FontManager.m */,
				DE316313146253F80090FA3A /* ZAttributedString.h */,
				DE316314146253F80090FA3A /* ZAttributedString.m */,
				DE316316146253F80090FA3A /* ZAttributedStringPrivate.h */,
				DE316317146253F80090FA3A /* ZFont.h */,
				DE316318146253F80090FA3A /* ZFont.m */,
			);
			name = FontLabel;
			sourceTree = "<group>";
		};
		DE31631B146253F80090FA3A /* Supporting Files */ = {
			isa = PBXGroup;
			children = (
				DE31631C146253F80090FA3A /* Prefix.pch */,
				DE31631D146253F80090FA3A /* main.m */,
			);
			name = "Supporting Files";
			sourceTree = "<group>";
		};
/* End PBXGroup section */

/* Begin PBXNativeTarget section */
		DE3161B8146253F50090FA3A /* HampsterDance */ = {
			isa = PBXNativeTarget;
			buildConfigurationList = DE31632B146253F80090FA3A /* Build configuration list for PBXNativeTarget "HampsterDance" */;
			buildPhases = (
				DE3161B5146253F50090FA3A /* Sources */,
				DE3161B6146253F50090FA3A /* Frameworks */,
				DE3161B7146253F50090FA3A /* Resources */,
			);
			buildRules = (
			);
			dependencies = (
			);
			name = HampsterDance;
			productName = HampsterDance;
			productReference = DE3161B9146253F50090FA3A /* HampsterDance.app */;
			productType = "com.apple.product-type.application";
		};
/* End PBXNativeTarget section */

/* Begin PBXProject section */
		DE3161B0146253F50090FA3A /* Project object */ = {
			isa = PBXProject;
			buildConfigurationList = DE3161B3146253F50090FA3A /* Build configuration list for PBXProject "HampsterDance" */;
			compatibilityVersion = "Xcode 3.2";
			developmentRegion = English;
			hasScannedForEncodings = 0;
			knownRegions = (
				en,
			);
			mainGroup = DE3161AE146253F50090FA3A;
			productRefGroup = DE3161BA146253F50090FA3A /* Products */;
			projectDirPath = "";
			projectRoot = "";
			targets = (
				DE3161B8146253F50090FA3A /* HampsterDance */,
			);
		};
/* End PBXProject section */

/* Begin PBXResourcesBuildPhase section */
		DE3161B7146253F50090FA3A /* Resources */ = {
			isa = PBXResourcesBuildPhase;
			buildActionMask = 2147483647;
			files = (
				DE3161D0146253F50090FA3A /* Default.png in Resources */,
				DE3161D2146253F50090FA3A /* fps_images.png in Resources */,
				DE3161D4146253F50090FA3A /* Icon-72.png in Resources */,
				DE3161D6146253F50090FA3A /* Icon-Small-50.png in Resources */,
				DE3161D8146253F50090FA3A /* Icon-Small.png in Resources */,
				DE3161DA146253F50090FA3A /* Icon-Small@2x.png in Resources */,
				DE3161DC146253F50090FA3A /* Icon.png in Resources */,
				DE3161DE146253F50090FA3A /* Icon@2x.png in Resources */,
				DE3161E1146253F50090FA3A /* iTunesArtwork in Resources */,
			);
			runOnlyForDeploymentPostprocessing = 0;
		};
/* End PBXResourcesBuildPhase section */

/* Begin PBXSourcesBuildPhase section */
		DE3161B5146253F50090FA3A /* Sources */ = {
			isa = PBXSourcesBuildPhase;
			buildActionMask = 2147483647;
			files = (
				DE3161E6146253F50090FA3A /* CCAction.m in Sources */,
				DE3161E9146253F50090FA3A /* CCActionCamera.m in Sources */,
				DE3161EC146253F50090FA3A /* CCActionEase.m in Sources */,
				DE3161EF146253F50090FA3A /* CCActionGrid.m in Sources */,
				DE3161F2146253F50090FA3A /* CCActionGrid3D.m in Sources */,
				DE3161F5146253F50090FA3A /* CCActionInstant.m in Sources */,
				DE3161F8146253F50090FA3A /* CCActionInterval.m in Sources */,
				DE3161FB146253F50090FA3A /* CCActionManager.m in Sources */,
				DE3161FE146253F50090FA3A /* CCActionPageTurn3D.m in Sources */,
				DE316201146253F60090FA3A /* CCActionProgressTimer.m in Sources */,
				DE316204146253F60090FA3A /* CCActionTiledGrid.m in Sources */,
				DE316207146253F60090FA3A /* CCActionTween.m in Sources */,
				DE31620A146253F60090FA3A /* CCAnimation.m in Sources */,
				DE31620D146253F60090FA3A /* CCAnimationCache.m in Sources */,
				DE316210146253F60090FA3A /* CCAtlasNode.m in Sources */,
				DE316213146253F60090FA3A /* CCBlockSupport.m in Sources */,
				DE316216146253F60090FA3A /* CCCamera.m in Sources */,
				DE31621A146253F60090FA3A /* CCConfiguration.m in Sources */,
				DE31621D146253F60090FA3A /* CCDirector.m in Sources */,
				DE316220146253F60090FA3A /* CCDrawingPrimitives.m in Sources */,
				DE316223146253F60090FA3A /* CCGrabber.m in Sources */,
				DE316226146253F60090FA3A /* CCGrid.m in Sources */,
				DE316229146253F60090FA3A /* CCLabelAtlas.m in Sources */,
				DE31622C146253F60090FA3A /* CCLabelBMFont.m in Sources */,
				DE31622F146253F60090FA3A /* CCLabelTTF.m in Sources */,
				DE316232146253F60090FA3A /* CCLayer.m in Sources */,
				DE316236146253F60090FA3A /* CCMenu.m in Sources */,
				DE316239146253F60090FA3A /* CCMenuItem.m in Sources */,
				DE31623C146253F60090FA3A /* CCMotionStreak.m in Sources */,
				DE31623F146253F60090FA3A /* CCNode.m in Sources */,
				DE316242146253F60090FA3A /* CCParallaxNode.m in Sources */,
				DE316245146253F60090FA3A /* CCParticleExamples.m in Sources */,
				DE316248146253F60090FA3A /* CCParticleSystem.m in Sources */,
				DE31624B146253F60090FA3A /* CCParticleSystemPoint.m in Sources */,
				DE31624E146253F60090FA3A /* CCParticleSystemQuad.m in Sources */,
				DE316251146253F60090FA3A /* CCProgressTimer.m in Sources */,
				DE316255146253F60090FA3A /* CCRenderTexture.m in Sources */,
				DE316258146253F60090FA3A /* CCRibbon.m in Sources */,
				DE31625B146253F60090FA3A /* CCScene.m in Sources */,
				DE31625E146253F70090FA3A /* CCScheduler.m in Sources */,
				DE316261146253F70090FA3A /* CCSprite.m in Sources */,
				DE316264146253F70090FA3A /* CCSpriteBatchNode.m in Sources */,
				DE316267146253F70090FA3A /* CCSpriteFrame.m in Sources */,
				DE31626A146253F70090FA3A /* CCSpriteFrameCache.m in Sources */,
				DE31626D146253F70090FA3A /* CCTexture2D.m in Sources */,
				DE316270146253F70090FA3A /* CCTextureAtlas.m in Sources */,
				DE316273146253F70090FA3A /* CCTextureCache.m in Sources */,
				DE316276146253F70090FA3A /* CCTexturePVR.m in Sources */,
				DE316279146253F70090FA3A /* CCTileMapAtlas.m in Sources */,
				DE31627C146253F70090FA3A /* CCTMXLayer.m in Sources */,
				DE31627F146253F70090FA3A /* CCTMXObjectGroup.m in Sources */,
				DE316282146253F70090FA3A /* CCTMXTiledMap.m in Sources */,
				DE316285146253F70090FA3A /* CCTMXXMLParser.m in Sources */,
				DE316288146253F70090FA3A /* CCTransition.m in Sources */,
				DE31628B146253F70090FA3A /* CCTransitionPageTurn.m in Sources */,
				DE31628E146253F70090FA3A /* CCTransitionRadial.m in Sources */,
				DE316292146253F70090FA3A /* cocos2d.m in Sources */,
				DE316299146253F70090FA3A /* CCDirectorIOS.m in Sources */,
				DE31629D146253F70090FA3A /* CCTouchDispatcher.m in Sources */,
				DE3162A0146253F70090FA3A /* CCTouchHandler.m in Sources */,
				DE3162A3146253F70090FA3A /* EAGLView.m in Sources */,
				DE3162A6146253F70090FA3A /* ES1Renderer.m in Sources */,
				DE3162A9146253F70090FA3A /* glu.c in Sources */,
				DE3162AE146253F70090FA3A /* CCDirectorMac.m in Sources */,
				DE3162B1146253F70090FA3A /* CCEventDispatcher.m in Sources */,
				DE3162B4146253F70090FA3A /* MacGLView.m in Sources */,
				DE3162B7146253F70090FA3A /* MacWindow.m in Sources */,
				DE3162BA146253F70090FA3A /* base64.c in Sources */,
				DE3162BE146253F70090FA3A /* CCArray.m in Sources */,
				DE3162C2146253F70090FA3A /* CCFileUtils.m in Sources */,
				DE3162C5146253F70090FA3A /* CCProfiling.m in Sources */,
				DE3162C7146253F70090FA3A /* ccUtils.c in Sources */,
				DE3162CB146253F70090FA3A /* CGPointExtension.m in Sources */,
				DE3162CF146253F80090FA3A /* TGAlib.m in Sources */,
				DE3162D2146253F80090FA3A /* TransformUtils.m in Sources */,
				DE3162D7146253F80090FA3A /* ZipUtils.m in Sources */,
				DE3162DC146253F80090FA3A /* CDAudioManager.m in Sources */,
				DE3162E0146253F80090FA3A /* CDOpenALSupport.m in Sources */,
				DE3162E3146253F80090FA3A /* CocosDenshion.m in Sources */,
				DE3162E6146253F80090FA3A /* SimpleAudioEngine.m in Sources */,
				DE3162EB146253F80090FA3A /* CLScoreServerPost.m in Sources */,
				DE3162EE146253F80090FA3A /* CLScoreServerRequest.m in Sources */,
				DE3162F1146253F80090FA3A /* cocoslive.m in Sources */,
				DE3162F6146253F80090FA3A /* CDataScanner.m in Sources */,
				DE3162FA146253F80090FA3A /* CDataScanner_Extensions.m in Sources */,
				DE3162FD146253F80090FA3A /* NSDictionary_JSONExtensions.m in Sources */,
				DE316301146253F80090FA3A /* CJSONDeserializer.m in Sources */,
				DE316304146253F80090FA3A /* CJSONScanner.m in Sources */,
				DE316307146253F80090FA3A /* CJSONSerializer.m in Sources */,
				DE31630C146253F80090FA3A /* FontLabel.m in Sources */,
				DE31630F146253F80090FA3A /* FontLabelStringDrawing.m in Sources */,
				DE316312146253F80090FA3A /* FontManager.m in Sources */,
				DE316315146253F80090FA3A /* ZAttributedString.m in Sources */,
				DE316319146253F80090FA3A /* ZFont.m in Sources */,
				DE31631E146253F80090FA3A /* main.m in Sources */,
				DE316321146253F80090FA3A /* AppDelegate.m in Sources */,
				DE316324146253F80090FA3A /* RootViewController.m in Sources */,
				DE316327146253F80090FA3A /* HelloWorldLayer.m in Sources */,
			);
			runOnlyForDeploymentPostprocessing = 0;
		};
/* End PBXSourcesBuildPhase section */

/* Begin XCBuildConfiguration section */
		DE316329146253F80090FA3A /* Debug */ = {
			isa = XCBuildConfiguration;
			buildSettings = {
				ARCHS = "$(ARCHS_STANDARD_32_BIT)";
				"CODE_SIGN_IDENTITY[sdk=iphoneos*]" = "iPhone Developer";
				GCC_C_LANGUAGE_STANDARD = gnu99;
				GCC_OPTIMIZATION_LEVEL = 0;
				GCC_PREPROCESSOR_DEFINITIONS = (
					DEBUG,
					"COCOS2D_DEBUG=1",
				);
				GCC_SYMBOLS_PRIVATE_EXTERN = NO;
				GCC_VERSION = com.apple.compilers.llvmgcc42;
				GCC_WARN_ABOUT_RETURN_TYPE = YES;
				GCC_WARN_UNUSED_VARIABLE = YES;
				IPHONEOS_DEPLOYMENT_TARGET = 4.3;
				SDKROOT = iphoneos;
			};
			name = Debug;
		};
		DE31632A146253F80090FA3A /* Release */ = {
			isa = XCBuildConfiguration;
			buildSettings = {
				ARCHS = "$(ARCHS_STANDARD_32_BIT)";
				"CODE_SIGN_IDENTITY[sdk=iphoneos*]" = "iPhone Developer";
				GCC_C_LANGUAGE_STANDARD = gnu99;
				GCC_PREPROCESSOR_DEFINITIONS = NDEBUG;
				GCC_VERSION = com.apple.compilers.llvmgcc42;
				GCC_WARN_ABOUT_RETURN_TYPE = YES;
				GCC_WARN_UNUSED_VARIABLE = YES;
				IPHONEOS_DEPLOYMENT_TARGET = 4.3;
				OTHER_CFLAGS = "-DNS_BLOCK_ASSERTIONS=1";
				SDKROOT = iphoneos;
			};
			name = Release;
		};
		DE31632C146253F80090FA3A /* Debug */ = {
			isa = XCBuildConfiguration;
			buildSettings = {
				ALWAYS_SEARCH_USER_PATHS = NO;
				COPY_PHASE_STRIP = NO;
				GCC_DYNAMIC_NO_PIC = NO;
				GCC_PRECOMPILE_PREFIX_HEADER = YES;
				GCC_PREFIX_HEADER = HampsterDance/Prefix.pch;
				"GCC_THUMB_SUPPORT[arch=armv6]" = "";
				INFOPLIST_FILE = HampsterDance/Resources/Info.plist;
				OTHER_LDFLAGS = "-lz";
				PRODUCT_NAME = "$(TARGET_NAME)";
				WRAPPER_EXTENSION = app;
			};
			name = Debug;
		};
		DE31632D146253F80090FA3A /* Release */ = {
			isa = XCBuildConfiguration;
			buildSettings = {
				ALWAYS_SEARCH_USER_PATHS = NO;
				COPY_PHASE_STRIP = YES;
				GCC_PRECOMPILE_PREFIX_HEADER = YES;
				GCC_PREFIX_HEADER = HampsterDance/Prefix.pch;
				"GCC_THUMB_SUPPORT[arch=armv6]" = "";
				INFOPLIST_FILE = HampsterDance/Resources/Info.plist;
				OTHER_LDFLAGS = "-lz";
				PRODUCT_NAME = "$(TARGET_NAME)";
				VALIDATE_PRODUCT = YES;
				WRAPPER_EXTENSION = app;
			};
			name = Release;
		};
/* End XCBuildConfiguration section */

/* Begin XCConfigurationList section */
		DE3161B3146253F50090FA3A /* Build configuration list for PBXProject "HampsterDance" */ = {
			isa = XCConfigurationList;
			buildConfigurations = (
				DE316329146253F80090FA3A /* Debug */,
				DE31632A146253F80090FA3A /* Release */,
			);
			defaultConfigurationIsVisible = 0;
			defaultConfigurationName = Release;
		};
		DE31632B146253F80090FA3A /* Build configuration list for PBXNativeTarget "HampsterDance" */ = {
			isa = XCConfigurationList;
			buildConfigurations = (
				DE31632C146253F80090FA3A /* Debug */,
				DE31632D146253F80090FA3A /* Release */,
			);
			defaultConfigurationIsVisible = 0;
		};
/* End XCConfigurationList section */
	};
	rootObject = DE3161B0146253F50090FA3A /* Project object */;
}
